// !$*UTF8*$!
{
	archiveVersion = 1;
	classes = {
	};
	objectVersion = 56;
	objects = {

/* Begin PBXBuildFile section */
		840C738829C27318007FB07C /* DataBaseManagerType.swift in Sources */ = {isa = PBXBuildFile; fileRef = 840C738729C27318007FB07C /* DataBaseManagerType.swift */; };
		840C738C29C27F0C007FB07C /* ForecastLocalDataSourceType.swift in Sources */ = {isa = PBXBuildFile; fileRef = 840C738B29C27F0C007FB07C /* ForecastLocalDataSourceType.swift */; };
		840C738E29C27F1C007FB07C /* ForecastLocalDataSource.swift in Sources */ = {isa = PBXBuildFile; fileRef = 840C738D29C27F1C007FB07C /* ForecastLocalDataSource.swift */; };
		840C739029C2879E007FB07C /* CityResponse.swift in Sources */ = {isa = PBXBuildFile; fileRef = 840C738F29C2879E007FB07C /* CityResponse.swift */; };
		840C739229C287C9007FB07C /* CoordinateResponse.swift in Sources */ = {isa = PBXBuildFile; fileRef = 840C739129C287C9007FB07C /* CoordinateResponse.swift */; };
		840C739429C28892007FB07C /* ForecastDetailResponse.swift in Sources */ = {isa = PBXBuildFile; fileRef = 840C739329C28892007FB07C /* ForecastDetailResponse.swift */; };
		840C739629C288C8007FB07C /* TemperatureDetailResponse.swift in Sources */ = {isa = PBXBuildFile; fileRef = 840C739529C288C8007FB07C /* TemperatureDetailResponse.swift */; };
		840C739829C288DF007FB07C /* WeatherResponse.swift in Sources */ = {isa = PBXBuildFile; fileRef = 840C739729C288DF007FB07C /* WeatherResponse.swift */; };
		840C739B29C28CF9007FB07C /* CityEntity.swift in Sources */ = {isa = PBXBuildFile; fileRef = 840C739A29C28CF9007FB07C /* CityEntity.swift */; };
		840C739E29C28EF6007FB07C /* GenericCoreDataSourceType.swift in Sources */ = {isa = PBXBuildFile; fileRef = 840C739D29C28EF6007FB07C /* GenericCoreDataSourceType.swift */; };
		840C73A029C28F04007FB07C /* GenericCoreDataSource.swift in Sources */ = {isa = PBXBuildFile; fileRef = 840C739F29C28F04007FB07C /* GenericCoreDataSource.swift */; };
		840C73A929C295CA007FB07C /* CityLocalDataSource.swift in Sources */ = {isa = PBXBuildFile; fileRef = 840C73A829C295CA007FB07C /* CityLocalDataSource.swift */; };
		840C73AD29C298BE007FB07C /* Int32+toInt.swift in Sources */ = {isa = PBXBuildFile; fileRef = 840C73AC29C298BE007FB07C /* Int32+toInt.swift */; };
		840C73B029C29936007FB07C /* CityCoreDataEntity+mapToEntity.swift in Sources */ = {isa = PBXBuildFile; fileRef = 840C73AF29C29936007FB07C /* CityCoreDataEntity+mapToEntity.swift */; };
		840C73B329C29DB4007FB07C /* Int+toInt32.swift in Sources */ = {isa = PBXBuildFile; fileRef = 840C73B229C29DB4007FB07C /* Int+toInt32.swift */; };
		840C73B829C29E73007FB07C /* CityLocalDataSourceTests.swift in Sources */ = {isa = PBXBuildFile; fileRef = 840C73B729C29E73007FB07C /* CityLocalDataSourceTests.swift */; };
		840C73BD29C2AD2D007FB07C /* AJHttpClient in Frameworks */ = {isa = PBXBuildFile; productRef = 840C73BC29C2AD2D007FB07C /* AJHttpClient */; };
		840C73BE29C2AD2D007FB07C /* AJHttpClient in Embed Frameworks */ = {isa = PBXBuildFile; productRef = 840C73BC29C2AD2D007FB07C /* AJHttpClient */; settings = {ATTRIBUTES = (CodeSignOnCopy, ); }; };
		840C73C029C2AE01007FB07C /* AJHttpClient in Frameworks */ = {isa = PBXBuildFile; productRef = 840C73BF29C2AE01007FB07C /* AJHttpClient */; };
		840C73C229C2AE01007FB07C /* AJHttpClient in Embed Frameworks */ = {isa = PBXBuildFile; productRef = 840C73BF29C2AE01007FB07C /* AJHttpClient */; settings = {ATTRIBUTES = (CodeSignOnCopy, ); }; };
		840C73C629C2C03D007FB07C /* EntityType.swift in Sources */ = {isa = PBXBuildFile; fileRef = 840C73C529C2C03D007FB07C /* EntityType.swift */; };
		840C73C829C2C050007FB07C /* GenericCoreDataSourceError.swift in Sources */ = {isa = PBXBuildFile; fileRef = 840C73C729C2C050007FB07C /* GenericCoreDataSourceError.swift */; };
		840C73CB29C2C1DB007FB07C /* CityCoreDataEntity+updateFrom.swift in Sources */ = {isa = PBXBuildFile; fileRef = 840C73CA29C2C1DB007FB07C /* CityCoreDataEntity+updateFrom.swift */; };
		840C73CD29C2C2A7007FB07C /* CityDTO.swift in Sources */ = {isa = PBXBuildFile; fileRef = 840C73CC29C2C2A7007FB07C /* CityDTO.swift */; };
		840C73D129C2C2C7007FB07C /* ForecastDetailDTO.swift in Sources */ = {isa = PBXBuildFile; fileRef = 840C73D029C2C2C7007FB07C /* ForecastDetailDTO.swift */; };
		840C73D529C2C302007FB07C /* WeatherDTO.swift in Sources */ = {isa = PBXBuildFile; fileRef = 840C73D429C2C302007FB07C /* WeatherDTO.swift */; };
		840C73D829C2CA34007FB07C /* Reachability.swift in Sources */ = {isa = PBXBuildFile; fileRef = 840C73D729C2CA34007FB07C /* Reachability.swift */; };
		840C73DB29C2D16D007FB07C /* CityDTO+mapToEntity.swift in Sources */ = {isa = PBXBuildFile; fileRef = 840C73DA29C2D16D007FB07C /* CityDTO+mapToEntity.swift */; };
		840C73E129C2E8E3007FB07C /* Float+roundTo.swift in Sources */ = {isa = PBXBuildFile; fileRef = 840C73E029C2E8E3007FB07C /* Float+roundTo.swift */; };
		840C73E329C36BBC007FB07C /* ForecastDetailEntity.swift in Sources */ = {isa = PBXBuildFile; fileRef = 840C73E229C36BBC007FB07C /* ForecastDetailEntity.swift */; };
		840C73E629C36DBD007FB07C /* ForecastDetailLocalDataSource.swift in Sources */ = {isa = PBXBuildFile; fileRef = 840C73E529C36DBD007FB07C /* ForecastDetailLocalDataSource.swift */; };
		840C73EA29C37295007FB07C /* ForecastDetailCoreDataEntity+mapToEntity.swift in Sources */ = {isa = PBXBuildFile; fileRef = 840C73E929C37295007FB07C /* ForecastDetailCoreDataEntity+mapToEntity.swift */; };
		840C73EC29C372B1007FB07C /* ForecastDetailCoreDataEntity+updateFrom.swift in Sources */ = {isa = PBXBuildFile; fileRef = 840C73EB29C372B1007FB07C /* ForecastDetailCoreDataEntity+updateFrom.swift */; };
		840C73EF29C3BF3E007FB07C /* ForecastDetailEntity+mapToDTO.swift in Sources */ = {isa = PBXBuildFile; fileRef = 840C73EE29C3BF3E007FB07C /* ForecastDetailEntity+mapToDTO.swift */; };
		840C73F429C3C8DC007FB07C /* ForecastDetailDTO+mapToEntity.swift in Sources */ = {isa = PBXBuildFile; fileRef = 840C73F329C3C8DC007FB07C /* ForecastDetailDTO+mapToEntity.swift */; };
		840C73F729C3D07F007FB07C /* WeatherEntity.swift in Sources */ = {isa = PBXBuildFile; fileRef = 840C73F629C3D07F007FB07C /* WeatherEntity.swift */; };
		840C73F929C3D10B007FB07C /* WeatherLocalDataSource.swift in Sources */ = {isa = PBXBuildFile; fileRef = 840C73F829C3D10B007FB07C /* WeatherLocalDataSource.swift */; };
		840C73FC29C3D258007FB07C /* WeatherCoreDataEntity+mapToEntity.swift in Sources */ = {isa = PBXBuildFile; fileRef = 840C73FB29C3D258007FB07C /* WeatherCoreDataEntity+mapToEntity.swift */; };
		840C73FE29C3D26B007FB07C /* WeatherCoreDataEntity+updateFrom.swift in Sources */ = {isa = PBXBuildFile; fileRef = 840C73FD29C3D26B007FB07C /* WeatherCoreDataEntity+updateFrom.swift */; };
		840C740129C3D537007FB07C /* WeatherDTO+mapToEntity.swift.swift in Sources */ = {isa = PBXBuildFile; fileRef = 840C740029C3D537007FB07C /* WeatherDTO+mapToEntity.swift.swift */; };
		840C740429C3D928007FB07C /* WeatherEntity+mapToDTO.swift.swift in Sources */ = {isa = PBXBuildFile; fileRef = 840C740329C3D928007FB07C /* WeatherEntity+mapToDTO.swift.swift */; };
		840C740729C3ECBE007FB07C /* CityEntity+mapToDTO.swift in Sources */ = {isa = PBXBuildFile; fileRef = 840C740629C3ECBE007FB07C /* CityEntity+mapToDTO.swift */; };
		840C740A29C3EDCC007FB07C /* CityResponse+mapToDTO.swift in Sources */ = {isa = PBXBuildFile; fileRef = 840C740929C3EDCC007FB07C /* CityResponse+mapToDTO.swift */; };
		840C740D29C3F066007FB07C /* ForecastDetailResponse+mapToDTO.swift in Sources */ = {isa = PBXBuildFile; fileRef = 840C740C29C3F066007FB07C /* ForecastDetailResponse+mapToDTO.swift */; };
		840C741029C3F13C007FB07C /* WeatherResponse+mapToDTO.swift in Sources */ = {isa = PBXBuildFile; fileRef = 840C740F29C3F13C007FB07C /* WeatherResponse+mapToDTO.swift */; };
		8416BFCE29C221AF00D2CACF /* AJDependencyInjection in Embed Frameworks */ = {isa = PBXBuildFile; productRef = 84B843F429C1554200A65394 /* AJDependencyInjection */; settings = {ATTRIBUTES = (CodeSignOnCopy, ); }; };
		84553B7429C2663900AB00C6 /* CoreDataManager.swift in Sources */ = {isa = PBXBuildFile; fileRef = 84553B7229C2663900AB00C6 /* CoreDataManager.swift */; };
		84553B7929C2681000AB00C6 /* AJWeatherModel.xcdatamodeld in Sources */ = {isa = PBXBuildFile; fileRef = 84553B7729C2681000AB00C6 /* AJWeatherModel.xcdatamodeld */; };
		8480C90A29BDD98F00EFA553 /* AJData.framework in Frameworks */ = {isa = PBXBuildFile; fileRef = 8480C90129BDD98E00EFA553 /* AJData.framework */; };
		8480C90F29BDD98F00EFA553 /* ForecastRemoteDataSourceTests.swift in Sources */ = {isa = PBXBuildFile; fileRef = 8480C90E29BDD98F00EFA553 /* ForecastRemoteDataSourceTests.swift */; };
		8480C91029BDD98F00EFA553 /* AJData.h in Headers */ = {isa = PBXBuildFile; fileRef = 8480C90429BDD98E00EFA553 /* AJData.h */; settings = {ATTRIBUTES = (Public, ); }; };
		8489034329C16E1200991116 /* ForecastResponse.swift in Sources */ = {isa = PBXBuildFile; fileRef = 8489034229C16E1200991116 /* ForecastResponse.swift */; };
		8489034529C16E3E00991116 /* ForecastRemoteDataSourceType.swift in Sources */ = {isa = PBXBuildFile; fileRef = 8489034429C16E3E00991116 /* ForecastRemoteDataSourceType.swift */; };
		8489034A29C1865100991116 /* ForecastRepository.swift in Sources */ = {isa = PBXBuildFile; fileRef = 8489034929C1865100991116 /* ForecastRepository.swift */; };
		8489034C29C1867900991116 /* ForecastRepositoryType.swift in Sources */ = {isa = PBXBuildFile; fileRef = 8489034B29C1867900991116 /* ForecastRepositoryType.swift */; };
		8489034E29C186D200991116 /* ForecastDTO.swift in Sources */ = {isa = PBXBuildFile; fileRef = 8489034D29C186D200991116 /* ForecastDTO.swift */; };
		8489035229C189C200991116 /* ForecastResponse+mapToDTO.swift in Sources */ = {isa = PBXBuildFile; fileRef = 8489035129C189C200991116 /* ForecastResponse+mapToDTO.swift */; };
		8489035629C192E200991116 /* ForecastRepositoryTests.swift in Sources */ = {isa = PBXBuildFile; fileRef = 8489035529C192E200991116 /* ForecastRepositoryTests.swift */; };
		84B843F529C1554200A65394 /* AJDependencyInjection in Frameworks */ = {isa = PBXBuildFile; productRef = 84B843F429C1554200A65394 /* AJDependencyInjection */; };
		84B843F729C1555100A65394 /* AJDIContainer+registerFromData.swift in Sources */ = {isa = PBXBuildFile; fileRef = 84B843F629C1555100A65394 /* AJDIContainer+registerFromData.swift */; };
		84B843FE29C15E9900A65394 /* ForecastRemoteDataSource.swift in Sources */ = {isa = PBXBuildFile; fileRef = 84B843FD29C15E9900A65394 /* ForecastRemoteDataSource.swift */; };
		84B8440129C15F1800A65394 /* GetForecastRequest.swift in Sources */ = {isa = PBXBuildFile; fileRef = 84B8440029C15F1800A65394 /* GetForecastRequest.swift */; };
		84B8440329C15FCC00A65394 /* OpenWeatherEndpoint.swift in Sources */ = {isa = PBXBuildFile; fileRef = 84B8440229C15FCC00A65394 /* OpenWeatherEndpoint.swift */; };
/* End PBXBuildFile section */

/* Begin PBXContainerItemProxy section */
		8480C90B29BDD98F00EFA553 /* PBXContainerItemProxy */ = {
			isa = PBXContainerItemProxy;
			containerPortal = 8480C8F829BDD98E00EFA553 /* Project object */;
			proxyType = 1;
			remoteGlobalIDString = 8480C90029BDD98E00EFA553;
			remoteInfo = AJData;
		};
/* End PBXContainerItemProxy section */

/* Begin PBXCopyFilesBuildPhase section */
		840C73C129C2AE01007FB07C /* Embed Frameworks */ = {
			isa = PBXCopyFilesBuildPhase;
			buildActionMask = 2147483647;
			dstPath = "";
			dstSubfolderSpec = 10;
			files = (
				840C73C229C2AE01007FB07C /* AJHttpClient in Embed Frameworks */,
			);
			name = "Embed Frameworks";
			runOnlyForDeploymentPostprocessing = 0;
		};
		8416BFB329C2103700D2CACF /* Embed Frameworks */ = {
			isa = PBXCopyFilesBuildPhase;
			buildActionMask = 2147483647;
			dstPath = "";
			dstSubfolderSpec = 10;
			files = (
				840C73BE29C2AD2D007FB07C /* AJHttpClient in Embed Frameworks */,
				8416BFCE29C221AF00D2CACF /* AJDependencyInjection in Embed Frameworks */,
			);
			name = "Embed Frameworks";
			runOnlyForDeploymentPostprocessing = 0;
		};
/* End PBXCopyFilesBuildPhase section */

/* Begin PBXFileReference section */
		840C738729C27318007FB07C /* DataBaseManagerType.swift */ = {isa = PBXFileReference; lastKnownFileType = sourcecode.swift; path = DataBaseManagerType.swift; sourceTree = "<group>"; };
		840C738B29C27F0C007FB07C /* ForecastLocalDataSourceType.swift */ = {isa = PBXFileReference; lastKnownFileType = sourcecode.swift; path = ForecastLocalDataSourceType.swift; sourceTree = "<group>"; };
		840C738D29C27F1C007FB07C /* ForecastLocalDataSource.swift */ = {isa = PBXFileReference; lastKnownFileType = sourcecode.swift; path = ForecastLocalDataSource.swift; sourceTree = "<group>"; };
		840C738F29C2879E007FB07C /* CityResponse.swift */ = {isa = PBXFileReference; lastKnownFileType = sourcecode.swift; path = CityResponse.swift; sourceTree = "<group>"; };
		840C739129C287C9007FB07C /* CoordinateResponse.swift */ = {isa = PBXFileReference; lastKnownFileType = sourcecode.swift; path = CoordinateResponse.swift; sourceTree = "<group>"; };
		840C739329C28892007FB07C /* ForecastDetailResponse.swift */ = {isa = PBXFileReference; lastKnownFileType = sourcecode.swift; path = ForecastDetailResponse.swift; sourceTree = "<group>"; };
		840C739529C288C8007FB07C /* TemperatureDetailResponse.swift */ = {isa = PBXFileReference; lastKnownFileType = sourcecode.swift; path = TemperatureDetailResponse.swift; sourceTree = "<group>"; };
		840C739729C288DF007FB07C /* WeatherResponse.swift */ = {isa = PBXFileReference; lastKnownFileType = sourcecode.swift; path = WeatherResponse.swift; sourceTree = "<group>"; };
		840C739A29C28CF9007FB07C /* CityEntity.swift */ = {isa = PBXFileReference; lastKnownFileType = sourcecode.swift; path = CityEntity.swift; sourceTree = "<group>"; };
		840C739D29C28EF6007FB07C /* GenericCoreDataSourceType.swift */ = {isa = PBXFileReference; lastKnownFileType = sourcecode.swift; path = GenericCoreDataSourceType.swift; sourceTree = "<group>"; };
		840C739F29C28F04007FB07C /* GenericCoreDataSource.swift */ = {isa = PBXFileReference; lastKnownFileType = sourcecode.swift; path = GenericCoreDataSource.swift; sourceTree = "<group>"; };
		840C73A829C295CA007FB07C /* CityLocalDataSource.swift */ = {isa = PBXFileReference; lastKnownFileType = sourcecode.swift; path = CityLocalDataSource.swift; sourceTree = "<group>"; };
		840C73AC29C298BE007FB07C /* Int32+toInt.swift */ = {isa = PBXFileReference; lastKnownFileType = sourcecode.swift; path = "Int32+toInt.swift"; sourceTree = "<group>"; };
		840C73AF29C29936007FB07C /* CityCoreDataEntity+mapToEntity.swift */ = {isa = PBXFileReference; lastKnownFileType = sourcecode.swift; path = "CityCoreDataEntity+mapToEntity.swift"; sourceTree = "<group>"; };
		840C73B229C29DB4007FB07C /* Int+toInt32.swift */ = {isa = PBXFileReference; lastKnownFileType = sourcecode.swift; path = "Int+toInt32.swift"; sourceTree = "<group>"; };
		840C73B729C29E73007FB07C /* CityLocalDataSourceTests.swift */ = {isa = PBXFileReference; lastKnownFileType = sourcecode.swift; path = CityLocalDataSourceTests.swift; sourceTree = "<group>"; };
		840C73C529C2C03D007FB07C /* EntityType.swift */ = {isa = PBXFileReference; lastKnownFileType = sourcecode.swift; path = EntityType.swift; sourceTree = "<group>"; };
		840C73C729C2C050007FB07C /* GenericCoreDataSourceError.swift */ = {isa = PBXFileReference; lastKnownFileType = sourcecode.swift; path = GenericCoreDataSourceError.swift; sourceTree = "<group>"; };
		840C73CA29C2C1DB007FB07C /* CityCoreDataEntity+updateFrom.swift */ = {isa = PBXFileReference; lastKnownFileType = sourcecode.swift; path = "CityCoreDataEntity+updateFrom.swift"; sourceTree = "<group>"; };
		840C73CC29C2C2A7007FB07C /* CityDTO.swift */ = {isa = PBXFileReference; lastKnownFileType = sourcecode.swift; path = CityDTO.swift; sourceTree = "<group>"; };
		840C73D029C2C2C7007FB07C /* ForecastDetailDTO.swift */ = {isa = PBXFileReference; lastKnownFileType = sourcecode.swift; path = ForecastDetailDTO.swift; sourceTree = "<group>"; };
		840C73D429C2C302007FB07C /* WeatherDTO.swift */ = {isa = PBXFileReference; lastKnownFileType = sourcecode.swift; path = WeatherDTO.swift; sourceTree = "<group>"; };
		840C73D729C2CA34007FB07C /* Reachability.swift */ = {isa = PBXFileReference; lastKnownFileType = sourcecode.swift; path = Reachability.swift; sourceTree = "<group>"; };
		840C73DA29C2D16D007FB07C /* CityDTO+mapToEntity.swift */ = {isa = PBXFileReference; lastKnownFileType = sourcecode.swift; path = "CityDTO+mapToEntity.swift"; sourceTree = "<group>"; };
		840C73E029C2E8E3007FB07C /* Float+roundTo.swift */ = {isa = PBXFileReference; lastKnownFileType = sourcecode.swift; path = "Float+roundTo.swift"; sourceTree = "<group>"; };
		840C73E229C36BBC007FB07C /* ForecastDetailEntity.swift */ = {isa = PBXFileReference; lastKnownFileType = sourcecode.swift; path = ForecastDetailEntity.swift; sourceTree = "<group>"; };
		840C73E529C36DBD007FB07C /* ForecastDetailLocalDataSource.swift */ = {isa = PBXFileReference; lastKnownFileType = sourcecode.swift; path = ForecastDetailLocalDataSource.swift; sourceTree = "<group>"; };
		840C73E929C37295007FB07C /* ForecastDetailCoreDataEntity+mapToEntity.swift */ = {isa = PBXFileReference; lastKnownFileType = sourcecode.swift; path = "ForecastDetailCoreDataEntity+mapToEntity.swift"; sourceTree = "<group>"; };
		840C73EB29C372B1007FB07C /* ForecastDetailCoreDataEntity+updateFrom.swift */ = {isa = PBXFileReference; lastKnownFileType = sourcecode.swift; path = "ForecastDetailCoreDataEntity+updateFrom.swift"; sourceTree = "<group>"; };
		840C73EE29C3BF3E007FB07C /* ForecastDetailEntity+mapToDTO.swift */ = {isa = PBXFileReference; lastKnownFileType = sourcecode.swift; path = "ForecastDetailEntity+mapToDTO.swift"; sourceTree = "<group>"; };
		840C73F329C3C8DC007FB07C /* ForecastDetailDTO+mapToEntity.swift */ = {isa = PBXFileReference; lastKnownFileType = sourcecode.swift; path = "ForecastDetailDTO+mapToEntity.swift"; sourceTree = "<group>"; };
		840C73F629C3D07F007FB07C /* WeatherEntity.swift */ = {isa = PBXFileReference; lastKnownFileType = sourcecode.swift; path = WeatherEntity.swift; sourceTree = "<group>"; };
		840C73F829C3D10B007FB07C /* WeatherLocalDataSource.swift */ = {isa = PBXFileReference; lastKnownFileType = sourcecode.swift; path = WeatherLocalDataSource.swift; sourceTree = "<group>"; };
		840C73FB29C3D258007FB07C /* WeatherCoreDataEntity+mapToEntity.swift */ = {isa = PBXFileReference; lastKnownFileType = sourcecode.swift; path = "WeatherCoreDataEntity+mapToEntity.swift"; sourceTree = "<group>"; };
		840C73FD29C3D26B007FB07C /* WeatherCoreDataEntity+updateFrom.swift */ = {isa = PBXFileReference; lastKnownFileType = sourcecode.swift; path = "WeatherCoreDataEntity+updateFrom.swift"; sourceTree = "<group>"; };
		840C740029C3D537007FB07C /* WeatherDTO+mapToEntity.swift.swift */ = {isa = PBXFileReference; lastKnownFileType = sourcecode.swift; path = "WeatherDTO+mapToEntity.swift.swift"; sourceTree = "<group>"; };
		840C740329C3D928007FB07C /* WeatherEntity+mapToDTO.swift.swift */ = {isa = PBXFileReference; lastKnownFileType = sourcecode.swift; path = "WeatherEntity+mapToDTO.swift.swift"; sourceTree = "<group>"; };
		840C740629C3ECBE007FB07C /* CityEntity+mapToDTO.swift */ = {isa = PBXFileReference; lastKnownFileType = sourcecode.swift; path = "CityEntity+mapToDTO.swift"; sourceTree = "<group>"; };
		840C740929C3EDCC007FB07C /* CityResponse+mapToDTO.swift */ = {isa = PBXFileReference; lastKnownFileType = sourcecode.swift; path = "CityResponse+mapToDTO.swift"; sourceTree = "<group>"; };
		840C740C29C3F066007FB07C /* ForecastDetailResponse+mapToDTO.swift */ = {isa = PBXFileReference; lastKnownFileType = sourcecode.swift; path = "ForecastDetailResponse+mapToDTO.swift"; sourceTree = "<group>"; };
		840C740F29C3F13C007FB07C /* WeatherResponse+mapToDTO.swift */ = {isa = PBXFileReference; lastKnownFileType = sourcecode.swift; path = "WeatherResponse+mapToDTO.swift"; sourceTree = "<group>"; };
		84553B7229C2663900AB00C6 /* CoreDataManager.swift */ = {isa = PBXFileReference; fileEncoding = 4; lastKnownFileType = sourcecode.swift; path = CoreDataManager.swift; sourceTree = "<group>"; };
		84553B7829C2681000AB00C6 /* AJWeatherModel.xcdatamodel */ = {isa = PBXFileReference; lastKnownFileType = wrapper.xcdatamodel; path = AJWeatherModel.xcdatamodel; sourceTree = "<group>"; };
		8480C90129BDD98E00EFA553 /* AJData.framework */ = {isa = PBXFileReference; explicitFileType = wrapper.framework; includeInIndex = 0; path = AJData.framework; sourceTree = BUILT_PRODUCTS_DIR; };
		8480C90429BDD98E00EFA553 /* AJData.h */ = {isa = PBXFileReference; lastKnownFileType = sourcecode.c.h; path = AJData.h; sourceTree = "<group>"; };
		8480C90929BDD98F00EFA553 /* AJDataTests.xctest */ = {isa = PBXFileReference; explicitFileType = wrapper.cfbundle; includeInIndex = 0; path = AJDataTests.xctest; sourceTree = BUILT_PRODUCTS_DIR; };
		8480C90E29BDD98F00EFA553 /* ForecastRemoteDataSourceTests.swift */ = {isa = PBXFileReference; lastKnownFileType = sourcecode.swift; path = ForecastRemoteDataSourceTests.swift; sourceTree = "<group>"; };
		8489034229C16E1200991116 /* ForecastResponse.swift */ = {isa = PBXFileReference; lastKnownFileType = sourcecode.swift; path = ForecastResponse.swift; sourceTree = "<group>"; };
		8489034429C16E3E00991116 /* ForecastRemoteDataSourceType.swift */ = {isa = PBXFileReference; lastKnownFileType = sourcecode.swift; path = ForecastRemoteDataSourceType.swift; sourceTree = "<group>"; };
		8489034929C1865100991116 /* ForecastRepository.swift */ = {isa = PBXFileReference; lastKnownFileType = sourcecode.swift; path = ForecastRepository.swift; sourceTree = "<group>"; };
		8489034B29C1867900991116 /* ForecastRepositoryType.swift */ = {isa = PBXFileReference; lastKnownFileType = sourcecode.swift; path = ForecastRepositoryType.swift; sourceTree = "<group>"; };
		8489034D29C186D200991116 /* ForecastDTO.swift */ = {isa = PBXFileReference; lastKnownFileType = sourcecode.swift; path = ForecastDTO.swift; sourceTree = "<group>"; };
		8489035129C189C200991116 /* ForecastResponse+mapToDTO.swift */ = {isa = PBXFileReference; lastKnownFileType = sourcecode.swift; path = "ForecastResponse+mapToDTO.swift"; sourceTree = "<group>"; };
		8489035529C192E200991116 /* ForecastRepositoryTests.swift */ = {isa = PBXFileReference; lastKnownFileType = sourcecode.swift; path = ForecastRepositoryTests.swift; sourceTree = "<group>"; };
		84B843F629C1555100A65394 /* AJDIContainer+registerFromData.swift */ = {isa = PBXFileReference; lastKnownFileType = sourcecode.swift; path = "AJDIContainer+registerFromData.swift"; sourceTree = "<group>"; };
		84B843FD29C15E9900A65394 /* ForecastRemoteDataSource.swift */ = {isa = PBXFileReference; lastKnownFileType = sourcecode.swift; path = ForecastRemoteDataSource.swift; sourceTree = "<group>"; };
		84B8440029C15F1800A65394 /* GetForecastRequest.swift */ = {isa = PBXFileReference; lastKnownFileType = sourcecode.swift; path = GetForecastRequest.swift; sourceTree = "<group>"; };
		84B8440229C15FCC00A65394 /* OpenWeatherEndpoint.swift */ = {isa = PBXFileReference; lastKnownFileType = sourcecode.swift; path = OpenWeatherEndpoint.swift; sourceTree = "<group>"; };
/* End PBXFileReference section */

/* Begin PBXFrameworksBuildPhase section */
		8480C8FE29BDD98E00EFA553 /* Frameworks */ = {
			isa = PBXFrameworksBuildPhase;
			buildActionMask = 2147483647;
			files = (
				840C73BD29C2AD2D007FB07C /* AJHttpClient in Frameworks */,
				84B843F529C1554200A65394 /* AJDependencyInjection in Frameworks */,
			);
			runOnlyForDeploymentPostprocessing = 0;
		};
		8480C90629BDD98F00EFA553 /* Frameworks */ = {
			isa = PBXFrameworksBuildPhase;
			buildActionMask = 2147483647;
			files = (
				840C73C029C2AE01007FB07C /* AJHttpClient in Frameworks */,
				8480C90A29BDD98F00EFA553 /* AJData.framework in Frameworks */,
			);
			runOnlyForDeploymentPostprocessing = 0;
		};
/* End PBXFrameworksBuildPhase section */

/* Begin PBXGroup section */
		840C738629C272FC007FB07C /* DatabaseEngines */ = {
			isa = PBXGroup;
			children = (
				84553B7A29C26EFB00AB00C6 /* CoreData */,
				840C738729C27318007FB07C /* DataBaseManagerType.swift */,
			);
			path = DatabaseEngines;
			sourceTree = "<group>";
		};
		840C738929C27EAC007FB07C /* Forecast */ = {
			isa = PBXGroup;
			children = (
				840C738B29C27F0C007FB07C /* ForecastLocalDataSourceType.swift */,
				840C738D29C27F1C007FB07C /* ForecastLocalDataSource.swift */,
			);
			path = Forecast;
			sourceTree = "<group>";
		};
		840C738A29C27ED4007FB07C /* Endpoints */ = {
			isa = PBXGroup;
			children = (
				84B8440229C15FCC00A65394 /* OpenWeatherEndpoint.swift */,
			);
			path = Endpoints;
			sourceTree = "<group>";
		};
		840C739C29C28EDC007FB07C /* City */ = {
			isa = PBXGroup;
			children = (
				840C739A29C28CF9007FB07C /* CityEntity.swift */,
				840C73A829C295CA007FB07C /* CityLocalDataSource.swift */,
			);
			path = City;
			sourceTree = "<group>";
		};
		840C73A429C29357007FB07C /* Entities */ = {
			isa = PBXGroup;
			children = (
				840C739C29C28EDC007FB07C /* City */,
				840C738929C27EAC007FB07C /* Forecast */,
				840C73E429C36D87007FB07C /* ForecastDetail */,
				840C73F529C3D067007FB07C /* Weather */,
			);
			path = Entities;
			sourceTree = "<group>";
		};
		840C73A729C29444007FB07C /* Generic */ = {
			isa = PBXGroup;
			children = (
				840C73C529C2C03D007FB07C /* EntityType.swift */,
				840C739F29C28F04007FB07C /* GenericCoreDataSource.swift */,
				840C73C729C2C050007FB07C /* GenericCoreDataSourceError.swift */,
				840C739D29C28EF6007FB07C /* GenericCoreDataSourceType.swift */,
			);
			path = Generic;
			sourceTree = "<group>";
		};
		840C73AA29C298A3007FB07C /* Extensions */ = {
			isa = PBXGroup;
			children = (
				840C73C929C2C1C8007FB07C /* CityCoreDataEntity */,
				840C73D929C2D15B007FB07C /* CityDTO */,
				840C740529C3EC94007FB07C /* CityEntity */,
				840C740829C3EDA4007FB07C /* CityResponse */,
				840C73DF29C2E8D2007FB07C /* Float */,
				840C73E829C3728B007FB07C /* ForecastDetailCoreDataEntity */,
				840C73F229C3C8AA007FB07C /* ForecastDetailDTO */,
				840C73ED29C3BF20007FB07C /* ForecastDetailEntity */,
				840C740B29C3EE93007FB07C /* ForecastDetailResponse */,
				840C73F029C3C775007FB07C /* ForecastResponse */,
				840C73B129C29DA2007FB07C /* Int */,
				840C73AB29C298AA007FB07C /* Int32 */,
				840C73FA29C3D244007FB07C /* WeatherCoreDataEntity */,
				840C73FF29C3D50E007FB07C /* WeatherDTO */,
				840C740229C3D903007FB07C /* WeatherEntity */,
				840C740E29C3F12E007FB07C /* WeatherResponse */,
			);
			path = Extensions;
			sourceTree = "<group>";
		};
		840C73AB29C298AA007FB07C /* Int32 */ = {
			isa = PBXGroup;
			children = (
				840C73AC29C298BE007FB07C /* Int32+toInt.swift */,
			);
			path = Int32;
			sourceTree = "<group>";
		};
		840C73B129C29DA2007FB07C /* Int */ = {
			isa = PBXGroup;
			children = (
				840C73B229C29DB4007FB07C /* Int+toInt32.swift */,
			);
			path = Int;
			sourceTree = "<group>";
		};
		840C73B429C29E4B007FB07C /* Local */ = {
			isa = PBXGroup;
			children = (
				840C73B529C29E51007FB07C /* Entities */,
			);
			path = Local;
			sourceTree = "<group>";
		};
		840C73B529C29E51007FB07C /* Entities */ = {
			isa = PBXGroup;
			children = (
				840C73B629C29E59007FB07C /* City */,
			);
			path = Entities;
			sourceTree = "<group>";
		};
		840C73B629C29E59007FB07C /* City */ = {
			isa = PBXGroup;
			children = (
				840C73B729C29E73007FB07C /* CityLocalDataSourceTests.swift */,
			);
			path = City;
			sourceTree = "<group>";
		};
		840C73C929C2C1C8007FB07C /* CityCoreDataEntity */ = {
			isa = PBXGroup;
			children = (
				840C73AF29C29936007FB07C /* CityCoreDataEntity+mapToEntity.swift */,
				840C73CA29C2C1DB007FB07C /* CityCoreDataEntity+updateFrom.swift */,
			);
			path = CityCoreDataEntity;
			sourceTree = "<group>";
		};
		840C73D629C2CA20007FB07C /* Services */ = {
			isa = PBXGroup;
			children = (
				840C73D729C2CA34007FB07C /* Reachability.swift */,
			);
			path = Services;
			sourceTree = "<group>";
		};
		840C73D929C2D15B007FB07C /* CityDTO */ = {
			isa = PBXGroup;
			children = (
				840C73DA29C2D16D007FB07C /* CityDTO+mapToEntity.swift */,
			);
			path = CityDTO;
			sourceTree = "<group>";
		};
		840C73DF29C2E8D2007FB07C /* Float */ = {
			isa = PBXGroup;
			children = (
				840C73E029C2E8E3007FB07C /* Float+roundTo.swift */,
			);
			path = Float;
			sourceTree = "<group>";
		};
		840C73E429C36D87007FB07C /* ForecastDetail */ = {
			isa = PBXGroup;
			children = (
				840C73E229C36BBC007FB07C /* ForecastDetailEntity.swift */,
				840C73E529C36DBD007FB07C /* ForecastDetailLocalDataSource.swift */,
			);
			path = ForecastDetail;
			sourceTree = "<group>";
		};
		840C73E829C3728B007FB07C /* ForecastDetailCoreDataEntity */ = {
			isa = PBXGroup;
			children = (
				840C73E929C37295007FB07C /* ForecastDetailCoreDataEntity+mapToEntity.swift */,
				840C73EB29C372B1007FB07C /* ForecastDetailCoreDataEntity+updateFrom.swift */,
			);
			path = ForecastDetailCoreDataEntity;
			sourceTree = "<group>";
		};
		840C73ED29C3BF20007FB07C /* ForecastDetailEntity */ = {
			isa = PBXGroup;
			children = (
				840C73EE29C3BF3E007FB07C /* ForecastDetailEntity+mapToDTO.swift */,
			);
			path = ForecastDetailEntity;
			sourceTree = "<group>";
		};
		840C73F029C3C775007FB07C /* ForecastResponse */ = {
			isa = PBXGroup;
			children = (
				8489035129C189C200991116 /* ForecastResponse+mapToDTO.swift */,
			);
			path = ForecastResponse;
			sourceTree = "<group>";
		};
		840C73F229C3C8AA007FB07C /* ForecastDetailDTO */ = {
			isa = PBXGroup;
			children = (
				840C73F329C3C8DC007FB07C /* ForecastDetailDTO+mapToEntity.swift */,
			);
			path = ForecastDetailDTO;
			sourceTree = "<group>";
		};
		840C73F529C3D067007FB07C /* Weather */ = {
			isa = PBXGroup;
			children = (
				840C73F629C3D07F007FB07C /* WeatherEntity.swift */,
				840C73F829C3D10B007FB07C /* WeatherLocalDataSource.swift */,
			);
			path = Weather;
			sourceTree = "<group>";
		};
		840C73FA29C3D244007FB07C /* WeatherCoreDataEntity */ = {
			isa = PBXGroup;
			children = (
				840C73FB29C3D258007FB07C /* WeatherCoreDataEntity+mapToEntity.swift */,
				840C73FD29C3D26B007FB07C /* WeatherCoreDataEntity+updateFrom.swift */,
			);
			path = WeatherCoreDataEntity;
			sourceTree = "<group>";
		};
		840C73FF29C3D50E007FB07C /* WeatherDTO */ = {
			isa = PBXGroup;
			children = (
				840C740029C3D537007FB07C /* WeatherDTO+mapToEntity.swift.swift */,
			);
			path = WeatherDTO;
			sourceTree = "<group>";
		};
		840C740229C3D903007FB07C /* WeatherEntity */ = {
			isa = PBXGroup;
			children = (
				840C740329C3D928007FB07C /* WeatherEntity+mapToDTO.swift.swift */,
			);
			path = WeatherEntity;
			sourceTree = "<group>";
		};
		840C740529C3EC94007FB07C /* CityEntity */ = {
			isa = PBXGroup;
			children = (
				840C740629C3ECBE007FB07C /* CityEntity+mapToDTO.swift */,
			);
			path = CityEntity;
			sourceTree = "<group>";
		};
		840C740829C3EDA4007FB07C /* CityResponse */ = {
			isa = PBXGroup;
			children = (
				840C740929C3EDCC007FB07C /* CityResponse+mapToDTO.swift */,
			);
			path = CityResponse;
			sourceTree = "<group>";
		};
		840C740B29C3EE93007FB07C /* ForecastDetailResponse */ = {
			isa = PBXGroup;
			children = (
				840C740C29C3F066007FB07C /* ForecastDetailResponse+mapToDTO.swift */,
			);
			path = ForecastDetailResponse;
			sourceTree = "<group>";
		};
		840C740E29C3F12E007FB07C /* WeatherResponse */ = {
			isa = PBXGroup;
			children = (
				840C740F29C3F13C007FB07C /* WeatherResponse+mapToDTO.swift */,
			);
			path = WeatherResponse;
			sourceTree = "<group>";
		};
		84553B7A29C26EFB00AB00C6 /* CoreData */ = {
			isa = PBXGroup;
			children = (
				84553B7729C2681000AB00C6 /* AJWeatherModel.xcdatamodeld */,
				84553B7229C2663900AB00C6 /* CoreDataManager.swift */,
				840C73A729C29444007FB07C /* Generic */,
			);
			path = CoreData;
			sourceTree = "<group>";
		};
		8480C8F729BDD98E00EFA553 = {
			isa = PBXGroup;
			children = (
				8480C90329BDD98E00EFA553 /* AJData */,
				8480C90D29BDD98F00EFA553 /* AJDataTests */,
				8480C92E29BE4F5100EFA553 /* Frameworks */,
				8480C90229BDD98E00EFA553 /* Products */,
			);
			sourceTree = "<group>";
		};
		8480C90229BDD98E00EFA553 /* Products */ = {
			isa = PBXGroup;
			children = (
				8480C90129BDD98E00EFA553 /* AJData.framework */,
				8480C90929BDD98F00EFA553 /* AJDataTests.xctest */,
			);
			name = Products;
			sourceTree = "<group>";
		};
		8480C90329BDD98E00EFA553 /* AJData */ = {
			isa = PBXGroup;
			children = (
				8480C90429BDD98E00EFA553 /* AJData.h */,
				8480C94D29BE524C00EFA553 /* DataSources */,
				8480C93B29BE514900EFA553 /* DependencyInjection */,
				840C73AA29C298A3007FB07C /* Extensions */,
				8480C94B29BE523D00EFA553 /* Repositories */,
				840C73D629C2CA20007FB07C /* Services */,
			);
			path = AJData;
			sourceTree = "<group>";
		};
		8480C90D29BDD98F00EFA553 /* AJDataTests */ = {
			isa = PBXGroup;
			children = (
				8489035329C1925A00991116 /* Repositories */,
				8489034629C179E500991116 /* DataSources */,
			);
			path = AJDataTests;
			sourceTree = "<group>";
		};
		8480C92E29BE4F5100EFA553 /* Frameworks */ = {
			isa = PBXGroup;
			children = (
			);
			name = Frameworks;
			sourceTree = "<group>";
		};
		8480C93B29BE514900EFA553 /* DependencyInjection */ = {
			isa = PBXGroup;
			children = (
				84B843F629C1555100A65394 /* AJDIContainer+registerFromData.swift */,
			);
			path = DependencyInjection;
			sourceTree = "<group>";
		};
		8480C94B29BE523D00EFA553 /* Repositories */ = {
			isa = PBXGroup;
			children = (
				8480C94C29BE524300EFA553 /* DTO */,
				8489034F29C1873900991116 /* Forecast */,
			);
			path = Repositories;
			sourceTree = "<group>";
		};
		8480C94C29BE524300EFA553 /* DTO */ = {
			isa = PBXGroup;
			children = (
				8489034D29C186D200991116 /* ForecastDTO.swift */,
				840C73CC29C2C2A7007FB07C /* CityDTO.swift */,
				840C73D029C2C2C7007FB07C /* ForecastDetailDTO.swift */,
				840C73D429C2C302007FB07C /* WeatherDTO.swift */,
			);
			path = DTO;
			sourceTree = "<group>";
		};
		8480C94D29BE524C00EFA553 /* DataSources */ = {
			isa = PBXGroup;
			children = (
				8480C94F29BE525500EFA553 /* Local */,
				8480C94E29BE525100EFA553 /* Remote */,
			);
			path = DataSources;
			sourceTree = "<group>";
		};
		8480C94E29BE525100EFA553 /* Remote */ = {
			isa = PBXGroup;
			children = (
				840C738A29C27ED4007FB07C /* Endpoints */,
				84B843FC29C15E7C00A65394 /* Forecast */,
			);
			path = Remote;
			sourceTree = "<group>";
		};
		8480C94F29BE525500EFA553 /* Local */ = {
			isa = PBXGroup;
			children = (
				840C73A429C29357007FB07C /* Entities */,
				840C738629C272FC007FB07C /* DatabaseEngines */,
			);
			path = Local;
			sourceTree = "<group>";
		};
		8489034129C16DF100991116 /* Response */ = {
			isa = PBXGroup;
			children = (
				840C738F29C2879E007FB07C /* CityResponse.swift */,
				840C739129C287C9007FB07C /* CoordinateResponse.swift */,
				840C739329C28892007FB07C /* ForecastDetailResponse.swift */,
				8489034229C16E1200991116 /* ForecastResponse.swift */,
				840C739529C288C8007FB07C /* TemperatureDetailResponse.swift */,
				840C739729C288DF007FB07C /* WeatherResponse.swift */,
			);
			path = Response;
			sourceTree = "<group>";
		};
		8489034629C179E500991116 /* DataSources */ = {
			isa = PBXGroup;
			children = (
				840C73B429C29E4B007FB07C /* Local */,
				8489034729C17A1100991116 /* Remote */,
			);
			path = DataSources;
			sourceTree = "<group>";
		};
		8489034729C17A1100991116 /* Remote */ = {
			isa = PBXGroup;
			children = (
				8489034829C17A1800991116 /* Forecast */,
			);
			path = Remote;
			sourceTree = "<group>";
		};
		8489034829C17A1800991116 /* Forecast */ = {
			isa = PBXGroup;
			children = (
				8480C90E29BDD98F00EFA553 /* ForecastRemoteDataSourceTests.swift */,
			);
			path = Forecast;
			sourceTree = "<group>";
		};
		8489034F29C1873900991116 /* Forecast */ = {
			isa = PBXGroup;
			children = (
				8489034929C1865100991116 /* ForecastRepository.swift */,
				8489034B29C1867900991116 /* ForecastRepositoryType.swift */,
			);
			path = Forecast;
			sourceTree = "<group>";
		};
		8489035329C1925A00991116 /* Repositories */ = {
			isa = PBXGroup;
			children = (
				8489035429C192B000991116 /* Forecast */,
			);
			path = Repositories;
			sourceTree = "<group>";
		};
		8489035429C192B000991116 /* Forecast */ = {
			isa = PBXGroup;
			children = (
				8489035529C192E200991116 /* ForecastRepositoryTests.swift */,
			);
			path = Forecast;
			sourceTree = "<group>";
		};
		84B843FC29C15E7C00A65394 /* Forecast */ = {
			isa = PBXGroup;
			children = (
				84B843FD29C15E9900A65394 /* ForecastRemoteDataSource.swift */,
				8489034429C16E3E00991116 /* ForecastRemoteDataSourceType.swift */,
				84B843FF29C15F0300A65394 /* Requests */,
				8489034129C16DF100991116 /* Response */,
			);
			path = Forecast;
			sourceTree = "<group>";
		};
		84B843FF29C15F0300A65394 /* Requests */ = {
			isa = PBXGroup;
			children = (
				84B8440029C15F1800A65394 /* GetForecastRequest.swift */,
			);
			path = Requests;
			sourceTree = "<group>";
		};
/* End PBXGroup section */

/* Begin PBXHeadersBuildPhase section */
		8480C8FC29BDD98E00EFA553 /* Headers */ = {
			isa = PBXHeadersBuildPhase;
			buildActionMask = 2147483647;
			files = (
				8480C91029BDD98F00EFA553 /* AJData.h in Headers */,
			);
			runOnlyForDeploymentPostprocessing = 0;
		};
/* End PBXHeadersBuildPhase section */

/* Begin PBXNativeTarget section */
		8480C90029BDD98E00EFA553 /* AJData */ = {
			isa = PBXNativeTarget;
			buildConfigurationList = 8480C91329BDD98F00EFA553 /* Build configuration list for PBXNativeTarget "AJData" */;
			buildPhases = (
				8480C8FC29BDD98E00EFA553 /* Headers */,
				8480C8FD29BDD98E00EFA553 /* Sources */,
				8480C8FE29BDD98E00EFA553 /* Frameworks */,
				8480C8FF29BDD98E00EFA553 /* Resources */,
				8416BFB329C2103700D2CACF /* Embed Frameworks */,
			);
			buildRules = (
			);
			dependencies = (
			);
			name = AJData;
			packageProductDependencies = (
				84B843F429C1554200A65394 /* AJDependencyInjection */,
				840C73BC29C2AD2D007FB07C /* AJHttpClient */,
			);
			productName = AJData;
			productReference = 8480C90129BDD98E00EFA553 /* AJData.framework */;
			productType = "com.apple.product-type.framework";
		};
		8480C90829BDD98F00EFA553 /* AJDataTests */ = {
			isa = PBXNativeTarget;
			buildConfigurationList = 8480C91629BDD98F00EFA553 /* Build configuration list for PBXNativeTarget "AJDataTests" */;
			buildPhases = (
				8480C90529BDD98F00EFA553 /* Sources */,
				8480C90629BDD98F00EFA553 /* Frameworks */,
				8480C90729BDD98F00EFA553 /* Resources */,
				840C73C129C2AE01007FB07C /* Embed Frameworks */,
			);
			buildRules = (
			);
			dependencies = (
				8480C90C29BDD98F00EFA553 /* PBXTargetDependency */,
			);
			name = AJDataTests;
			packageProductDependencies = (
				840C73BF29C2AE01007FB07C /* AJHttpClient */,
			);
			productName = AJDataTests;
			productReference = 8480C90929BDD98F00EFA553 /* AJDataTests.xctest */;
			productType = "com.apple.product-type.bundle.unit-test";
		};
/* End PBXNativeTarget section */

/* Begin PBXProject section */
		8480C8F829BDD98E00EFA553 /* Project object */ = {
			isa = PBXProject;
			attributes = {
				BuildIndependentTargetsInParallel = 1;
				LastSwiftUpdateCheck = 1420;
				LastUpgradeCheck = 1420;
				TargetAttributes = {
					8480C90029BDD98E00EFA553 = {
						CreatedOnToolsVersion = 14.2;
						LastSwiftMigration = 1420;
					};
					8480C90829BDD98F00EFA553 = {
						CreatedOnToolsVersion = 14.2;
					};
				};
			};
			buildConfigurationList = 8480C8FB29BDD98E00EFA553 /* Build configuration list for PBXProject "AJData" */;
			compatibilityVersion = "Xcode 14.0";
			developmentRegion = en;
			hasScannedForEncodings = 0;
			knownRegions = (
				en,
				Base,
			);
			mainGroup = 8480C8F729BDD98E00EFA553;
			productRefGroup = 8480C90229BDD98E00EFA553 /* Products */;
			projectDirPath = "";
			projectRoot = "";
			targets = (
				8480C90029BDD98E00EFA553 /* AJData */,
				8480C90829BDD98F00EFA553 /* AJDataTests */,
			);
		};
/* End PBXProject section */

/* Begin PBXResourcesBuildPhase section */
		8480C8FF29BDD98E00EFA553 /* Resources */ = {
			isa = PBXResourcesBuildPhase;
			buildActionMask = 2147483647;
			files = (
			);
			runOnlyForDeploymentPostprocessing = 0;
		};
		8480C90729BDD98F00EFA553 /* Resources */ = {
			isa = PBXResourcesBuildPhase;
			buildActionMask = 2147483647;
			files = (
			);
			runOnlyForDeploymentPostprocessing = 0;
		};
/* End PBXResourcesBuildPhase section */

/* Begin PBXSourcesBuildPhase section */
		8480C8FD29BDD98E00EFA553 /* Sources */ = {
			isa = PBXSourcesBuildPhase;
			buildActionMask = 2147483647;
			files = (
				8489034C29C1867900991116 /* ForecastRepositoryType.swift in Sources */,
				840C73B329C29DB4007FB07C /* Int+toInt32.swift in Sources */,
				8489034A29C1865100991116 /* ForecastRepository.swift in Sources */,
				840C73FE29C3D26B007FB07C /* WeatherCoreDataEntity+updateFrom.swift in Sources */,
				840C73B029C29936007FB07C /* CityCoreDataEntity+mapToEntity.swift in Sources */,
				840C738829C27318007FB07C /* DataBaseManagerType.swift in Sources */,
				840C73E629C36DBD007FB07C /* ForecastDetailLocalDataSource.swift in Sources */,
				840C738C29C27F0C007FB07C /* ForecastLocalDataSourceType.swift in Sources */,
				840C73C629C2C03D007FB07C /* EntityType.swift in Sources */,
				840C740129C3D537007FB07C /* WeatherDTO+mapToEntity.swift.swift in Sources */,
				840C73D129C2C2C7007FB07C /* ForecastDetailDTO.swift in Sources */,
				840C73EA29C37295007FB07C /* ForecastDetailCoreDataEntity+mapToEntity.swift in Sources */,
				8489034529C16E3E00991116 /* ForecastRemoteDataSourceType.swift in Sources */,
				840C740729C3ECBE007FB07C /* CityEntity+mapToDTO.swift in Sources */,
				840C73C829C2C050007FB07C /* GenericCoreDataSourceError.swift in Sources */,
				840C73DB29C2D16D007FB07C /* CityDTO+mapToEntity.swift in Sources */,
				840C738E29C27F1C007FB07C /* ForecastLocalDataSource.swift in Sources */,
				84553B7929C2681000AB00C6 /* AJWeatherModel.xcdatamodeld in Sources */,
				840C73AD29C298BE007FB07C /* Int32+toInt.swift in Sources */,
				840C73D829C2CA34007FB07C /* Reachability.swift in Sources */,
				840C739629C288C8007FB07C /* TemperatureDetailResponse.swift in Sources */,
				840C740D29C3F066007FB07C /* ForecastDetailResponse+mapToDTO.swift in Sources */,
				84553B7429C2663900AB00C6 /* CoreDataManager.swift in Sources */,
				840C73E129C2E8E3007FB07C /* Float+roundTo.swift in Sources */,
				840C73A929C295CA007FB07C /* CityLocalDataSource.swift in Sources */,
				840C73F729C3D07F007FB07C /* WeatherEntity.swift in Sources */,
				840C73A029C28F04007FB07C /* GenericCoreDataSource.swift in Sources */,
				84B843F729C1555100A65394 /* AJDIContainer+registerFromData.swift in Sources */,
				840C73FC29C3D258007FB07C /* WeatherCoreDataEntity+mapToEntity.swift in Sources */,
				840C73CB29C2C1DB007FB07C /* CityCoreDataEntity+updateFrom.swift in Sources */,
				840C73CD29C2C2A7007FB07C /* CityDTO.swift in Sources */,
				840C741029C3F13C007FB07C /* WeatherResponse+mapToDTO.swift in Sources */,
				84B843FE29C15E9900A65394 /* ForecastRemoteDataSource.swift in Sources */,
				840C740A29C3EDCC007FB07C /* CityResponse+mapToDTO.swift in Sources */,
				8489035229C189C200991116 /* ForecastResponse+mapToDTO.swift in Sources */,
				840C73F429C3C8DC007FB07C /* ForecastDetailDTO+mapToEntity.swift in Sources */,
				840C73EF29C3BF3E007FB07C /* ForecastDetailEntity+mapToDTO.swift in Sources */,
				840C73F929C3D10B007FB07C /* WeatherLocalDataSource.swift in Sources */,
				84B8440129C15F1800A65394 /* GetForecastRequest.swift in Sources */,
				840C740429C3D928007FB07C /* WeatherEntity+mapToDTO.swift.swift in Sources */,
				840C739E29C28EF6007FB07C /* GenericCoreDataSourceType.swift in Sources */,
				840C73EC29C372B1007FB07C /* ForecastDetailCoreDataEntity+updateFrom.swift in Sources */,
				840C739B29C28CF9007FB07C /* CityEntity.swift in Sources */,
				8489034E29C186D200991116 /* ForecastDTO.swift in Sources */,
				84B8440329C15FCC00A65394 /* OpenWeatherEndpoint.swift in Sources */,
				840C739429C28892007FB07C /* ForecastDetailResponse.swift in Sources */,
				8489034329C16E1200991116 /* ForecastResponse.swift in Sources */,
				840C739829C288DF007FB07C /* WeatherResponse.swift in Sources */,
				840C73D529C2C302007FB07C /* WeatherDTO.swift in Sources */,
				840C739029C2879E007FB07C /* CityResponse.swift in Sources */,
				840C73E329C36BBC007FB07C /* ForecastDetailEntity.swift in Sources */,
				840C739229C287C9007FB07C /* CoordinateResponse.swift in Sources */,
			);
			runOnlyForDeploymentPostprocessing = 0;
		};
		8480C90529BDD98F00EFA553 /* Sources */ = {
			isa = PBXSourcesBuildPhase;
			buildActionMask = 2147483647;
			files = (
				8489035629C192E200991116 /* ForecastRepositoryTests.swift in Sources */,
				8480C90F29BDD98F00EFA553 /* ForecastRemoteDataSourceTests.swift in Sources */,
				840C73B829C29E73007FB07C /* CityLocalDataSourceTests.swift in Sources */,
			);
			runOnlyForDeploymentPostprocessing = 0;
		};
/* End PBXSourcesBuildPhase section */

/* Begin PBXTargetDependency section */
		8480C90C29BDD98F00EFA553 /* PBXTargetDependency */ = {
			isa = PBXTargetDependency;
			target = 8480C90029BDD98E00EFA553 /* AJData */;
			targetProxy = 8480C90B29BDD98F00EFA553 /* PBXContainerItemProxy */;
		};
/* End PBXTargetDependency section */

/* Begin XCBuildConfiguration section */
		8480C91129BDD98F00EFA553 /* Debug */ = {
			isa = XCBuildConfiguration;
			buildSettings = {
				ALWAYS_SEARCH_USER_PATHS = NO;
				CLANG_ANALYZER_NONNULL = YES;
				CLANG_ANALYZER_NUMBER_OBJECT_CONVERSION = YES_AGGRESSIVE;
				CLANG_CXX_LANGUAGE_STANDARD = "gnu++20";
				CLANG_ENABLE_MODULES = YES;
				CLANG_ENABLE_OBJC_ARC = YES;
				CLANG_ENABLE_OBJC_WEAK = YES;
				CLANG_WARN_BLOCK_CAPTURE_AUTORELEASING = YES;
				CLANG_WARN_BOOL_CONVERSION = YES;
				CLANG_WARN_COMMA = YES;
				CLANG_WARN_CONSTANT_CONVERSION = YES;
				CLANG_WARN_DEPRECATED_OBJC_IMPLEMENTATIONS = YES;
				CLANG_WARN_DIRECT_OBJC_ISA_USAGE = YES_ERROR;
				CLANG_WARN_DOCUMENTATION_COMMENTS = YES;
				CLANG_WARN_EMPTY_BODY = YES;
				CLANG_WARN_ENUM_CONVERSION = YES;
				CLANG_WARN_INFINITE_RECURSION = YES;
				CLANG_WARN_INT_CONVERSION = YES;
				CLANG_WARN_NON_LITERAL_NULL_CONVERSION = YES;
				CLANG_WARN_OBJC_IMPLICIT_RETAIN_SELF = YES;
				CLANG_WARN_OBJC_LITERAL_CONVERSION = YES;
				CLANG_WARN_OBJC_ROOT_CLASS = YES_ERROR;
				CLANG_WARN_QUOTED_INCLUDE_IN_FRAMEWORK_HEADER = YES;
				CLANG_WARN_RANGE_LOOP_ANALYSIS = YES;
				CLANG_WARN_STRICT_PROTOTYPES = YES;
				CLANG_WARN_SUSPICIOUS_MOVE = YES;
				CLANG_WARN_UNGUARDED_AVAILABILITY = YES_AGGRESSIVE;
				CLANG_WARN_UNREACHABLE_CODE = YES;
				CLANG_WARN__DUPLICATE_METHOD_MATCH = YES;
				COPY_PHASE_STRIP = NO;
				CURRENT_PROJECT_VERSION = 1;
				DEBUG_INFORMATION_FORMAT = dwarf;
				ENABLE_STRICT_OBJC_MSGSEND = YES;
				ENABLE_TESTABILITY = YES;
				GCC_C_LANGUAGE_STANDARD = gnu11;
				GCC_DYNAMIC_NO_PIC = NO;
				GCC_NO_COMMON_BLOCKS = YES;
				GCC_OPTIMIZATION_LEVEL = 0;
				GCC_PREPROCESSOR_DEFINITIONS = (
					"DEBUG=1",
					"$(inherited)",
				);
				GCC_WARN_64_TO_32_BIT_CONVERSION = YES;
				GCC_WARN_ABOUT_RETURN_TYPE = YES_ERROR;
				GCC_WARN_UNDECLARED_SELECTOR = YES;
				GCC_WARN_UNINITIALIZED_AUTOS = YES_AGGRESSIVE;
				GCC_WARN_UNUSED_FUNCTION = YES;
				GCC_WARN_UNUSED_VARIABLE = YES;
				IPHONEOS_DEPLOYMENT_TARGET = 16.2;
				MTL_ENABLE_DEBUG_INFO = INCLUDE_SOURCE;
				MTL_FAST_MATH = YES;
				ONLY_ACTIVE_ARCH = YES;
				SDKROOT = iphoneos;
				SWIFT_ACTIVE_COMPILATION_CONDITIONS = DEBUG;
				SWIFT_OPTIMIZATION_LEVEL = "-Onone";
				VERSIONING_SYSTEM = "apple-generic";
				VERSION_INFO_PREFIX = "";
			};
			name = Debug;
		};
		8480C91229BDD98F00EFA553 /* Release */ = {
			isa = XCBuildConfiguration;
			buildSettings = {
				ALWAYS_SEARCH_USER_PATHS = NO;
				CLANG_ANALYZER_NONNULL = YES;
				CLANG_ANALYZER_NUMBER_OBJECT_CONVERSION = YES_AGGRESSIVE;
				CLANG_CXX_LANGUAGE_STANDARD = "gnu++20";
				CLANG_ENABLE_MODULES = YES;
				CLANG_ENABLE_OBJC_ARC = YES;
				CLANG_ENABLE_OBJC_WEAK = YES;
				CLANG_WARN_BLOCK_CAPTURE_AUTORELEASING = YES;
				CLANG_WARN_BOOL_CONVERSION = YES;
				CLANG_WARN_COMMA = YES;
				CLANG_WARN_CONSTANT_CONVERSION = YES;
				CLANG_WARN_DEPRECATED_OBJC_IMPLEMENTATIONS = YES;
				CLANG_WARN_DIRECT_OBJC_ISA_USAGE = YES_ERROR;
				CLANG_WARN_DOCUMENTATION_COMMENTS = YES;
				CLANG_WARN_EMPTY_BODY = YES;
				CLANG_WARN_ENUM_CONVERSION = YES;
				CLANG_WARN_INFINITE_RECURSION = YES;
				CLANG_WARN_INT_CONVERSION = YES;
				CLANG_WARN_NON_LITERAL_NULL_CONVERSION = YES;
				CLANG_WARN_OBJC_IMPLICIT_RETAIN_SELF = YES;
				CLANG_WARN_OBJC_LITERAL_CONVERSION = YES;
				CLANG_WARN_OBJC_ROOT_CLASS = YES_ERROR;
				CLANG_WARN_QUOTED_INCLUDE_IN_FRAMEWORK_HEADER = YES;
				CLANG_WARN_RANGE_LOOP_ANALYSIS = YES;
				CLANG_WARN_STRICT_PROTOTYPES = YES;
				CLANG_WARN_SUSPICIOUS_MOVE = YES;
				CLANG_WARN_UNGUARDED_AVAILABILITY = YES_AGGRESSIVE;
				CLANG_WARN_UNREACHABLE_CODE = YES;
				CLANG_WARN__DUPLICATE_METHOD_MATCH = YES;
				COPY_PHASE_STRIP = NO;
				CURRENT_PROJECT_VERSION = 1;
				DEBUG_INFORMATION_FORMAT = "dwarf-with-dsym";
				ENABLE_NS_ASSERTIONS = NO;
				ENABLE_STRICT_OBJC_MSGSEND = YES;
				GCC_C_LANGUAGE_STANDARD = gnu11;
				GCC_NO_COMMON_BLOCKS = YES;
				GCC_WARN_64_TO_32_BIT_CONVERSION = YES;
				GCC_WARN_ABOUT_RETURN_TYPE = YES_ERROR;
				GCC_WARN_UNDECLARED_SELECTOR = YES;
				GCC_WARN_UNINITIALIZED_AUTOS = YES_AGGRESSIVE;
				GCC_WARN_UNUSED_FUNCTION = YES;
				GCC_WARN_UNUSED_VARIABLE = YES;
				IPHONEOS_DEPLOYMENT_TARGET = 16.2;
				MTL_ENABLE_DEBUG_INFO = NO;
				MTL_FAST_MATH = YES;
				SDKROOT = iphoneos;
				SWIFT_COMPILATION_MODE = wholemodule;
				SWIFT_OPTIMIZATION_LEVEL = "-O";
				VALIDATE_PRODUCT = YES;
				VERSIONING_SYSTEM = "apple-generic";
				VERSION_INFO_PREFIX = "";
			};
			name = Release;
		};
		8480C91429BDD98F00EFA553 /* Debug */ = {
			isa = XCBuildConfiguration;
			buildSettings = {
				CLANG_ENABLE_MODULES = YES;
				CODE_SIGN_STYLE = Automatic;
				CURRENT_PROJECT_VERSION = 1;
				DEFINES_MODULE = YES;
				DEVELOPMENT_TEAM = 7TBCX7QSF9;
				DYLIB_COMPATIBILITY_VERSION = 1;
				DYLIB_CURRENT_VERSION = 1;
				DYLIB_INSTALL_NAME_BASE = "@rpath";
				GENERATE_INFOPLIST_FILE = YES;
				INFOPLIST_KEY_NSHumanReadableCopyright = "";
				INSTALL_PATH = "$(LOCAL_LIBRARY_DIR)/Frameworks";
				LD_RUNPATH_SEARCH_PATHS = (
					"$(inherited)",
					"@executable_path/Frameworks",
					"@loader_path/Frameworks",
				);
				MARKETING_VERSION = 1.0;
				PRODUCT_BUNDLE_IDENTIFIER = dev.haroldjose.AJWeather.AJData;
				PRODUCT_NAME = "$(TARGET_NAME:c99extidentifier)";
				SKIP_INSTALL = YES;
				SUPPORTED_PLATFORMS = "iphoneos iphonesimulator";
				SUPPORTS_MACCATALYST = NO;
				SUPPORTS_MAC_DESIGNED_FOR_IPHONE_IPAD = NO;
				SWIFT_EMIT_LOC_STRINGS = YES;
				SWIFT_OPTIMIZATION_LEVEL = "-Onone";
				SWIFT_VERSION = 5.0;
				TARGETED_DEVICE_FAMILY = "1,2";
			};
			name = Debug;
		};
		8480C91529BDD98F00EFA553 /* Release */ = {
			isa = XCBuildConfiguration;
			buildSettings = {
				CLANG_ENABLE_MODULES = YES;
				CODE_SIGN_STYLE = Automatic;
				CURRENT_PROJECT_VERSION = 1;
				DEFINES_MODULE = YES;
				DEVELOPMENT_TEAM = 7TBCX7QSF9;
				DYLIB_COMPATIBILITY_VERSION = 1;
				DYLIB_CURRENT_VERSION = 1;
				DYLIB_INSTALL_NAME_BASE = "@rpath";
				GENERATE_INFOPLIST_FILE = YES;
				INFOPLIST_KEY_NSHumanReadableCopyright = "";
				INSTALL_PATH = "$(LOCAL_LIBRARY_DIR)/Frameworks";
				LD_RUNPATH_SEARCH_PATHS = (
					"$(inherited)",
					"@executable_path/Frameworks",
					"@loader_path/Frameworks",
				);
				MARKETING_VERSION = 1.0;
				PRODUCT_BUNDLE_IDENTIFIER = dev.haroldjose.AJWeather.AJData;
				PRODUCT_NAME = "$(TARGET_NAME:c99extidentifier)";
				SKIP_INSTALL = YES;
				SUPPORTED_PLATFORMS = "iphoneos iphonesimulator";
				SUPPORTS_MACCATALYST = NO;
				SUPPORTS_MAC_DESIGNED_FOR_IPHONE_IPAD = NO;
				SWIFT_EMIT_LOC_STRINGS = YES;
				SWIFT_VERSION = 5.0;
				TARGETED_DEVICE_FAMILY = "1,2";
			};
			name = Release;
		};
		8480C91729BDD98F00EFA553 /* Debug */ = {
			isa = XCBuildConfiguration;
			buildSettings = {
				ALWAYS_EMBED_SWIFT_STANDARD_LIBRARIES = YES;
				CODE_SIGN_STYLE = Automatic;
				CURRENT_PROJECT_VERSION = 1;
				DEVELOPMENT_TEAM = 7TBCX7QSF9;
				GENERATE_INFOPLIST_FILE = YES;
				MARKETING_VERSION = 1.0;
				PRODUCT_BUNDLE_IDENTIFIER = dev.haroldjose.AJWeather.AJDataTests;
				PRODUCT_NAME = "$(TARGET_NAME)";
				SUPPORTED_PLATFORMS = "iphoneos iphonesimulator";
				SUPPORTS_MACCATALYST = NO;
				SUPPORTS_MAC_DESIGNED_FOR_IPHONE_IPAD = NO;
				SWIFT_EMIT_LOC_STRINGS = NO;
				SWIFT_VERSION = 5.0;
				TARGETED_DEVICE_FAMILY = "1,2";
			};
			name = Debug;
		};
		8480C91829BDD98F00EFA553 /* Release */ = {
			isa = XCBuildConfiguration;
			buildSettings = {
				ALWAYS_EMBED_SWIFT_STANDARD_LIBRARIES = YES;
				CODE_SIGN_STYLE = Automatic;
				CURRENT_PROJECT_VERSION = 1;
				DEVELOPMENT_TEAM = 7TBCX7QSF9;
				GENERATE_INFOPLIST_FILE = YES;
				MARKETING_VERSION = 1.0;
				PRODUCT_BUNDLE_IDENTIFIER = dev.haroldjose.AJWeather.AJDataTests;
				PRODUCT_NAME = "$(TARGET_NAME)";
				SUPPORTED_PLATFORMS = "iphoneos iphonesimulator";
				SUPPORTS_MACCATALYST = NO;
				SUPPORTS_MAC_DESIGNED_FOR_IPHONE_IPAD = NO;
				SWIFT_EMIT_LOC_STRINGS = NO;
				SWIFT_VERSION = 5.0;
				TARGETED_DEVICE_FAMILY = "1,2";
			};
			name = Release;
		};
/* End XCBuildConfiguration section */

/* Begin XCConfigurationList section */
		8480C8FB29BDD98E00EFA553 /* Build configuration list for PBXProject "AJData" */ = {
			isa = XCConfigurationList;
			buildConfigurations = (
				8480C91129BDD98F00EFA553 /* Debug */,
				8480C91229BDD98F00EFA553 /* Release */,
			);
			defaultConfigurationIsVisible = 0;
			defaultConfigurationName = Release;
		};
		8480C91329BDD98F00EFA553 /* Build configuration list for PBXNativeTarget "AJData" */ = {
			isa = XCConfigurationList;
			buildConfigurations = (
				8480C91429BDD98F00EFA553 /* Debug */,
				8480C91529BDD98F00EFA553 /* Release */,
			);
			defaultConfigurationIsVisible = 0;
			defaultConfigurationName = Release;
		};
		8480C91629BDD98F00EFA553 /* Build configuration list for PBXNativeTarget "AJDataTests" */ = {
			isa = XCConfigurationList;
			buildConfigurations = (
				8480C91729BDD98F00EFA553 /* Debug */,
				8480C91829BDD98F00EFA553 /* Release */,
			);
			defaultConfigurationIsVisible = 0;
			defaultConfigurationName = Release;
		};
/* End XCConfigurationList section */

/* Begin XCSwiftPackageProductDependency section */
		840C73BC29C2AD2D007FB07C /* AJHttpClient */ = {
			isa = XCSwiftPackageProductDependency;
			productName = AJHttpClient;
		};
		840C73BF29C2AE01007FB07C /* AJHttpClient */ = {
			isa = XCSwiftPackageProductDependency;
			productName = AJHttpClient;
		};
		84B843F429C1554200A65394 /* AJDependencyInjection */ = {
			isa = XCSwiftPackageProductDependency;
			productName = AJDependencyInjection;
		};
/* End XCSwiftPackageProductDependency section */

/* Begin XCVersionGroup section */
		84553B7729C2681000AB00C6 /* AJWeatherModel.xcdatamodeld */ = {
			isa = XCVersionGroup;
			children = (
				84553B7829C2681000AB00C6 /* AJWeatherModel.xcdatamodel */,
			);
			currentVersion = 84553B7829C2681000AB00C6 /* AJWeatherModel.xcdatamodel */;
			path = AJWeatherModel.xcdatamodeld;
			sourceTree = "<group>";
			versionGroupType = wrapper.xcdatamodel;
		};
/* End XCVersionGroup section */
	};
	rootObject = 8480C8F829BDD98E00EFA553 /* Project object */;
}
