// !$*UTF8*$!
{
	archiveVersion = 1;
	classes = {
	};
	objectVersion = 56;
	objects = {

/* Begin PBXBuildFile section */
		84104C6429C400E2003784E4 /* CityDetailPage.swift in Sources */ = {isa = PBXBuildFile; fileRef = 84104C6329C400E2003784E4 /* CityDetailPage.swift */; };
		84104C6629C403A4003784E4 /* CityDetailViewModel.swift in Sources */ = {isa = PBXBuildFile; fileRef = 84104C6529C403A4003784E4 /* CityDetailViewModel.swift */; };
		84104C6829C403E3003784E4 /* HomeViewModelType.swift in Sources */ = {isa = PBXBuildFile; fileRef = 84104C6729C403E3003784E4 /* HomeViewModelType.swift */; };
		84104C6A29C405CC003784E4 /* CityDetailViewModelType.swift in Sources */ = {isa = PBXBuildFile; fileRef = 84104C6929C405CC003784E4 /* CityDetailViewModelType.swift */; };
		84104C6F29C4227B003784E4 /* Int+toDate.swift in Sources */ = {isa = PBXBuildFile; fileRef = 84104C6E29C4227B003784E4 /* Int+toDate.swift */; };
		84104C7229C422CC003784E4 /* Date+formatterToRelative.swift in Sources */ = {isa = PBXBuildFile; fileRef = 84104C7129C422CC003784E4 /* Date+formatterToRelative.swift */; };
		84104C7429C42395003784E4 /* Date+formatterToTime.swift in Sources */ = {isa = PBXBuildFile; fileRef = 84104C7329C42395003784E4 /* Date+formatterToTime.swift */; };
		84104C7E29C4CD86003784E4 /* AppRouterView.swift in Sources */ = {isa = PBXBuildFile; fileRef = 84104C7C29C4CD86003784E4 /* AppRouterView.swift */; };
		84104C7F29C4CD86003784E4 /* AppRouterScreen.swift in Sources */ = {isa = PBXBuildFile; fileRef = 84104C7D29C4CD86003784E4 /* AppRouterScreen.swift */; };
		84104C8129C4CE23003784E4 /* AppRouterState.swift in Sources */ = {isa = PBXBuildFile; fileRef = 84104C8029C4CE23003784E4 /* AppRouterState.swift */; };
		8416BFCB29C2219F00D2CACF /* AJDependencyInjection in Embed Frameworks */ = {isa = PBXBuildFile; productRef = 84B843EC29C1533700A65394 /* AJDependencyInjection */; settings = {ATTRIBUTES = (CodeSignOnCopy, ); }; };
		8416BFCC29C221A900D2CACF /* AJDomain.framework in Frameworks */ = {isa = PBXBuildFile; fileRef = 8477C28D29BEE2EA006992D0 /* AJDomain.framework */; };
		8416BFCD29C221A900D2CACF /* AJDomain.framework in Embed Frameworks */ = {isa = PBXBuildFile; fileRef = 8477C28D29BEE2EA006992D0 /* AJDomain.framework */; settings = {ATTRIBUTES = (CodeSignOnCopy, RemoveHeadersOnCopy, ); }; };
		8477C26529BEA346006992D0 /* ImageView.swift in Sources */ = {isa = PBXBuildFile; fileRef = 8477C26429BEA346006992D0 /* ImageView.swift */; };
		8477C26E29BEAE0B006992D0 /* Localizable.swift in Sources */ = {isa = PBXBuildFile; fileRef = 8477C26D29BEAE0B006992D0 /* Localizable.swift */; };
		8477C27629BEB90C006992D0 /* SuccessView+RowView.swift in Sources */ = {isa = PBXBuildFile; fileRef = 8477C27529BEB90C006992D0 /* SuccessView+RowView.swift */; };
		8477C27829BEBA1C006992D0 /* SuccessView+SectionView.swift in Sources */ = {isa = PBXBuildFile; fileRef = 8477C27729BEBA1C006992D0 /* SuccessView+SectionView.swift */; };
		8477C28129BEC825006992D0 /* ViewState.swift in Sources */ = {isa = PBXBuildFile; fileRef = 8477C28029BEC825006992D0 /* ViewState.swift */; };
		8477C29429BEE69D006992D0 /* ForecastModel+mapToHomeViewObject.swift in Sources */ = {isa = PBXBuildFile; fileRef = 8477C29329BEE69D006992D0 /* ForecastModel+mapToHomeViewObject.swift */; };
		8477C29629BEEF6E006992D0 /* HomePage+Preview.swift in Sources */ = {isa = PBXBuildFile; fileRef = 8477C29529BEEF6E006992D0 /* HomePage+Preview.swift */; };
		8480C8C629BDD91600EFA553 /* AJPresentation.framework in Frameworks */ = {isa = PBXBuildFile; fileRef = 8480C8BD29BDD91600EFA553 /* AJPresentation.framework */; };
		8480C8CB29BDD91600EFA553 /* AJPresentationTests.swift in Sources */ = {isa = PBXBuildFile; fileRef = 8480C8CA29BDD91600EFA553 /* AJPresentationTests.swift */; };
		8480C8CC29BDD91600EFA553 /* AJPresentation.h in Headers */ = {isa = PBXBuildFile; fileRef = 8480C8C029BDD91600EFA553 /* AJPresentation.h */; settings = {ATTRIBUTES = (Public, ); }; };
		8480C95329BE52CD00EFA553 /* HomePage.swift in Sources */ = {isa = PBXBuildFile; fileRef = 8480C95229BE52CD00EFA553 /* HomePage.swift */; };
		8480C95529BE52E600EFA553 /* HomeViewModel.swift in Sources */ = {isa = PBXBuildFile; fileRef = 8480C95429BE52E600EFA553 /* HomeViewModel.swift */; };
		8480C95D29BE5E6F00EFA553 /* LoadingView.swift in Sources */ = {isa = PBXBuildFile; fileRef = 8480C95C29BE5E6F00EFA553 /* LoadingView.swift */; };
		8480C96B29BE7AAB00EFA553 /* FailedView.swift in Sources */ = {isa = PBXBuildFile; fileRef = 8480C96A29BE7AAB00EFA553 /* FailedView.swift */; };
		8480C96D29BE7B3000EFA553 /* HomeSuccessView.swift in Sources */ = {isa = PBXBuildFile; fileRef = 8480C96C29BE7B3000EFA553 /* HomeSuccessView.swift */; };
		8480C97629BE8A7400EFA553 /* HomeViewObject.swift in Sources */ = {isa = PBXBuildFile; fileRef = 8480C97529BE8A7400EFA553 /* HomeViewObject.swift */; };
		84B843ED29C1533700A65394 /* AJDependencyInjection in Frameworks */ = {isa = PBXBuildFile; productRef = 84B843EC29C1533700A65394 /* AJDependencyInjection */; };
		84B843EF29C1540300A65394 /* AJDIContainer+registerFromPresentation.swift in Sources */ = {isa = PBXBuildFile; fileRef = 84B843EE29C1540300A65394 /* AJDIContainer+registerFromPresentation.swift */; };
/* End PBXBuildFile section */

/* Begin PBXContainerItemProxy section */
		8480C8C729BDD91600EFA553 /* PBXContainerItemProxy */ = {
			isa = PBXContainerItemProxy;
			containerPortal = 8480C8B429BDD91600EFA553 /* Project object */;
			proxyType = 1;
			remoteGlobalIDString = 8480C8BC29BDD91600EFA553;
			remoteInfo = AJPresentation;
		};
/* End PBXContainerItemProxy section */

/* Begin PBXCopyFilesBuildPhase section */
		8416BFBB29C2104C00D2CACF /* Embed Frameworks */ = {
			isa = PBXCopyFilesBuildPhase;
			buildActionMask = 2147483647;
			dstPath = "";
			dstSubfolderSpec = 10;
			files = (
				8416BFCB29C2219F00D2CACF /* AJDependencyInjection in Embed Frameworks */,
				8416BFCD29C221A900D2CACF /* AJDomain.framework in Embed Frameworks */,
			);
			name = "Embed Frameworks";
			runOnlyForDeploymentPostprocessing = 0;
		};
/* End PBXCopyFilesBuildPhase section */

/* Begin PBXFileReference section */
		84104C6329C400E2003784E4 /* CityDetailPage.swift */ = {isa = PBXFileReference; lastKnownFileType = sourcecode.swift; path = CityDetailPage.swift; sourceTree = "<group>"; };
		84104C6529C403A4003784E4 /* CityDetailViewModel.swift */ = {isa = PBXFileReference; lastKnownFileType = sourcecode.swift; path = CityDetailViewModel.swift; sourceTree = "<group>"; };
		84104C6729C403E3003784E4 /* HomeViewModelType.swift */ = {isa = PBXFileReference; lastKnownFileType = sourcecode.swift; path = HomeViewModelType.swift; sourceTree = "<group>"; };
		84104C6929C405CC003784E4 /* CityDetailViewModelType.swift */ = {isa = PBXFileReference; lastKnownFileType = sourcecode.swift; path = CityDetailViewModelType.swift; sourceTree = "<group>"; };
		84104C6E29C4227B003784E4 /* Int+toDate.swift */ = {isa = PBXFileReference; lastKnownFileType = sourcecode.swift; path = "Int+toDate.swift"; sourceTree = "<group>"; };
		84104C7129C422CC003784E4 /* Date+formatterToRelative.swift */ = {isa = PBXFileReference; lastKnownFileType = sourcecode.swift; path = "Date+formatterToRelative.swift"; sourceTree = "<group>"; };
		84104C7329C42395003784E4 /* Date+formatterToTime.swift */ = {isa = PBXFileReference; lastKnownFileType = sourcecode.swift; path = "Date+formatterToTime.swift"; sourceTree = "<group>"; };
		84104C7C29C4CD86003784E4 /* AppRouterView.swift */ = {isa = PBXFileReference; fileEncoding = 4; lastKnownFileType = sourcecode.swift; path = AppRouterView.swift; sourceTree = "<group>"; };
		84104C7D29C4CD86003784E4 /* AppRouterScreen.swift */ = {isa = PBXFileReference; fileEncoding = 4; lastKnownFileType = sourcecode.swift; path = AppRouterScreen.swift; sourceTree = "<group>"; };
		84104C8029C4CE23003784E4 /* AppRouterState.swift */ = {isa = PBXFileReference; lastKnownFileType = sourcecode.swift; path = AppRouterState.swift; sourceTree = "<group>"; };
		8477C26429BEA346006992D0 /* ImageView.swift */ = {isa = PBXFileReference; lastKnownFileType = sourcecode.swift; path = ImageView.swift; sourceTree = "<group>"; };
		8477C26D29BEAE0B006992D0 /* Localizable.swift */ = {isa = PBXFileReference; lastKnownFileType = sourcecode.swift; path = Localizable.swift; sourceTree = "<group>"; };
		8477C27529BEB90C006992D0 /* SuccessView+RowView.swift */ = {isa = PBXFileReference; lastKnownFileType = sourcecode.swift; path = "SuccessView+RowView.swift"; sourceTree = "<group>"; };
		8477C27729BEBA1C006992D0 /* SuccessView+SectionView.swift */ = {isa = PBXFileReference; lastKnownFileType = sourcecode.swift; path = "SuccessView+SectionView.swift"; sourceTree = "<group>"; };
		8477C28029BEC825006992D0 /* ViewState.swift */ = {isa = PBXFileReference; lastKnownFileType = sourcecode.swift; path = ViewState.swift; sourceTree = "<group>"; };
		8477C28D29BEE2EA006992D0 /* AJDomain.framework */ = {isa = PBXFileReference; explicitFileType = wrapper.framework; path = AJDomain.framework; sourceTree = BUILT_PRODUCTS_DIR; };
		8477C29329BEE69D006992D0 /* ForecastModel+mapToHomeViewObject.swift */ = {isa = PBXFileReference; lastKnownFileType = sourcecode.swift; path = "ForecastModel+mapToHomeViewObject.swift"; sourceTree = "<group>"; };
		8477C29529BEEF6E006992D0 /* HomePage+Preview.swift */ = {isa = PBXFileReference; lastKnownFileType = sourcecode.swift; path = "HomePage+Preview.swift"; sourceTree = "<group>"; };
		8480C8BD29BDD91600EFA553 /* AJPresentation.framework */ = {isa = PBXFileReference; explicitFileType = wrapper.framework; includeInIndex = 0; path = AJPresentation.framework; sourceTree = BUILT_PRODUCTS_DIR; };
		8480C8C029BDD91600EFA553 /* AJPresentation.h */ = {isa = PBXFileReference; lastKnownFileType = sourcecode.c.h; path = AJPresentation.h; sourceTree = "<group>"; };
		8480C8C529BDD91600EFA553 /* AJPresentationTests.xctest */ = {isa = PBXFileReference; explicitFileType = wrapper.cfbundle; includeInIndex = 0; path = AJPresentationTests.xctest; sourceTree = BUILT_PRODUCTS_DIR; };
		8480C8CA29BDD91600EFA553 /* AJPresentationTests.swift */ = {isa = PBXFileReference; lastKnownFileType = sourcecode.swift; path = AJPresentationTests.swift; sourceTree = "<group>"; };
		8480C92529BE4EAB00EFA553 /* AJDomain.framework */ = {isa = PBXFileReference; explicitFileType = wrapper.framework; path = AJDomain.framework; sourceTree = BUILT_PRODUCTS_DIR; };
		8480C95029BE52B200EFA553 /* SwiftUI.framework */ = {isa = PBXFileReference; lastKnownFileType = wrapper.framework; name = SwiftUI.framework; path = Platforms/MacOSX.platform/Developer/SDKs/MacOSX13.1.sdk/System/iOSSupport/System/Library/Frameworks/SwiftUI.framework; sourceTree = DEVELOPER_DIR; };
		8480C95229BE52CD00EFA553 /* HomePage.swift */ = {isa = PBXFileReference; lastKnownFileType = sourcecode.swift; path = HomePage.swift; sourceTree = "<group>"; };
		8480C95429BE52E600EFA553 /* HomeViewModel.swift */ = {isa = PBXFileReference; lastKnownFileType = sourcecode.swift; path = HomeViewModel.swift; sourceTree = "<group>"; };
		8480C95629BE537A00EFA553 /* AJDomain.framework */ = {isa = PBXFileReference; explicitFileType = wrapper.framework; path = AJDomain.framework; sourceTree = BUILT_PRODUCTS_DIR; };
		8480C95C29BE5E6F00EFA553 /* LoadingView.swift */ = {isa = PBXFileReference; lastKnownFileType = sourcecode.swift; path = LoadingView.swift; sourceTree = "<group>"; };
		8480C96629BE792100EFA553 /* AJDomain.framework */ = {isa = PBXFileReference; explicitFileType = wrapper.framework; path = AJDomain.framework; sourceTree = BUILT_PRODUCTS_DIR; };
		8480C96A29BE7AAB00EFA553 /* FailedView.swift */ = {isa = PBXFileReference; lastKnownFileType = sourcecode.swift; path = FailedView.swift; sourceTree = "<group>"; };
		8480C96C29BE7B3000EFA553 /* HomeSuccessView.swift */ = {isa = PBXFileReference; lastKnownFileType = sourcecode.swift; path = HomeSuccessView.swift; sourceTree = "<group>"; };
		8480C97529BE8A7400EFA553 /* HomeViewObject.swift */ = {isa = PBXFileReference; lastKnownFileType = sourcecode.swift; path = HomeViewObject.swift; sourceTree = "<group>"; };
		84B843EE29C1540300A65394 /* AJDIContainer+registerFromPresentation.swift */ = {isa = PBXFileReference; lastKnownFileType = sourcecode.swift; path = "AJDIContainer+registerFromPresentation.swift"; sourceTree = "<group>"; };
/* End PBXFileReference section */

/* Begin PBXFrameworksBuildPhase section */
		8480C8BA29BDD91600EFA553 /* Frameworks */ = {
			isa = PBXFrameworksBuildPhase;
			buildActionMask = 2147483647;
			files = (
				84B843ED29C1533700A65394 /* AJDependencyInjection in Frameworks */,
				8416BFCC29C221A900D2CACF /* AJDomain.framework in Frameworks */,
			);
			runOnlyForDeploymentPostprocessing = 0;
		};
		8480C8C229BDD91600EFA553 /* Frameworks */ = {
			isa = PBXFrameworksBuildPhase;
			buildActionMask = 2147483647;
			files = (
				8480C8C629BDD91600EFA553 /* AJPresentation.framework in Frameworks */,
			);
			runOnlyForDeploymentPostprocessing = 0;
		};
/* End PBXFrameworksBuildPhase section */

/* Begin PBXGroup section */
		84104C6D29C42268003784E4 /* Int */ = {
			isa = PBXGroup;
			children = (
				84104C6E29C4227B003784E4 /* Int+toDate.swift */,
			);
			path = Int;
			sourceTree = "<group>";
		};
		84104C7029C422BF003784E4 /* Date */ = {
			isa = PBXGroup;
			children = (
				84104C7129C422CC003784E4 /* Date+formatterToRelative.swift */,
				84104C7329C42395003784E4 /* Date+formatterToTime.swift */,
			);
			path = Date;
			sourceTree = "<group>";
		};
		84104C7B29C4CD86003784E4 /* Navigation */ = {
			isa = PBXGroup;
			children = (
				84104C7C29C4CD86003784E4 /* AppRouterView.swift */,
				84104C7D29C4CD86003784E4 /* AppRouterScreen.swift */,
				84104C8029C4CE23003784E4 /* AppRouterState.swift */,
			);
			path = Navigation;
			sourceTree = "<group>";
		};
		8477C27E29BEC7CF006992D0 /* Resources */ = {
			isa = PBXGroup;
			children = (
				8477C26D29BEAE0B006992D0 /* Localizable.swift */,
			);
			path = Resources;
			sourceTree = "<group>";
		};
		8477C28229BEC863006992D0 /* Commons */ = {
			isa = PBXGroup;
			children = (
				8477C28029BEC825006992D0 /* ViewState.swift */,
			);
			path = Commons;
			sourceTree = "<group>";
		};
		8477C29129BEE661006992D0 /* Extensions */ = {
			isa = PBXGroup;
			children = (
				84104C7029C422BF003784E4 /* Date */,
				84104C6D29C42268003784E4 /* Int */,
				8477C29229BEE67B006992D0 /* ForecastModel */,
			);
			path = Extensions;
			sourceTree = "<group>";
		};
		8477C29229BEE67B006992D0 /* ForecastModel */ = {
			isa = PBXGroup;
			children = (
				8477C29329BEE69D006992D0 /* ForecastModel+mapToHomeViewObject.swift */,
			);
			path = ForecastModel;
			sourceTree = "<group>";
		};
		8480C8B329BDD91600EFA553 = {
			isa = PBXGroup;
			children = (
				8480C8BF29BDD91600EFA553 /* AJPresentation */,
				8480C8C929BDD91600EFA553 /* AJPresentationTests */,
				8480C92429BE4EAB00EFA553 /* Frameworks */,
				8480C8BE29BDD91600EFA553 /* Products */,
			);
			sourceTree = "<group>";
		};
		8480C8BE29BDD91600EFA553 /* Products */ = {
			isa = PBXGroup;
			children = (
				8480C8BD29BDD91600EFA553 /* AJPresentation.framework */,
				8480C8C529BDD91600EFA553 /* AJPresentationTests.xctest */,
			);
			name = Products;
			sourceTree = "<group>";
		};
		8480C8BF29BDD91600EFA553 /* AJPresentation */ = {
			isa = PBXGroup;
			children = (
				8480C8C029BDD91600EFA553 /* AJPresentation.h */,
				8480C94129BE51B800EFA553 /* Components */,
				8480C93929BE510900EFA553 /* DependencyInjection */,
				8477C29129BEE661006992D0 /* Extensions */,
				84104C7B29C4CD86003784E4 /* Navigation */,
				8480C94229BE51C700EFA553 /* Pages */,
				8477C27E29BEC7CF006992D0 /* Resources */,
			);
			path = AJPresentation;
			sourceTree = "<group>";
		};
		8480C8C929BDD91600EFA553 /* AJPresentationTests */ = {
			isa = PBXGroup;
			children = (
				8480C8CA29BDD91600EFA553 /* AJPresentationTests.swift */,
			);
			path = AJPresentationTests;
			sourceTree = "<group>";
		};
		8480C92429BE4EAB00EFA553 /* Frameworks */ = {
			isa = PBXGroup;
			children = (
				8477C28D29BEE2EA006992D0 /* AJDomain.framework */,
				8480C96629BE792100EFA553 /* AJDomain.framework */,
				8480C95629BE537A00EFA553 /* AJDomain.framework */,
				8480C95029BE52B200EFA553 /* SwiftUI.framework */,
				8480C92529BE4EAB00EFA553 /* AJDomain.framework */,
			);
			name = Frameworks;
			sourceTree = "<group>";
		};
		8480C93929BE510900EFA553 /* DependencyInjection */ = {
			isa = PBXGroup;
			children = (
				84B843EE29C1540300A65394 /* AJDIContainer+registerFromPresentation.swift */,
			);
			path = DependencyInjection;
			sourceTree = "<group>";
		};
		8480C94129BE51B800EFA553 /* Components */ = {
			isa = PBXGroup;
			children = (
				8480C96A29BE7AAB00EFA553 /* FailedView.swift */,
				8477C26429BEA346006992D0 /* ImageView.swift */,
				8480C95C29BE5E6F00EFA553 /* LoadingView.swift */,
			);
			path = Components;
			sourceTree = "<group>";
		};
		8480C94229BE51C700EFA553 /* Pages */ = {
			isa = PBXGroup;
			children = (
				8480C94529BE51F400EFA553 /* CityDetail */,
				8480C94429BE51DA00EFA553 /* CitySearch */,
				8477C28229BEC863006992D0 /* Commons */,
				8480C94329BE51CC00EFA553 /* Home */,
			);
			path = Pages;
			sourceTree = "<group>";
		};
		8480C94329BE51CC00EFA553 /* Home */ = {
			isa = PBXGroup;
			children = (
				8480C94629BE520900EFA553 /* Components */,
				8480C95229BE52CD00EFA553 /* HomePage.swift */,
				8477C29529BEEF6E006992D0 /* HomePage+Preview.swift */,
				8480C95429BE52E600EFA553 /* HomeViewModel.swift */,
				84104C6729C403E3003784E4 /* HomeViewModelType.swift */,
				8480C97529BE8A7400EFA553 /* HomeViewObject.swift */,
			);
			path = Home;
			sourceTree = "<group>";
		};
		8480C94429BE51DA00EFA553 /* CitySearch */ = {
			isa = PBXGroup;
			children = (
				8480C94729BE521100EFA553 /* Components */,
			);
			path = CitySearch;
			sourceTree = "<group>";
		};
		8480C94529BE51F400EFA553 /* CityDetail */ = {
			isa = PBXGroup;
			children = (
				8480C94829BE521500EFA553 /* Components */,
				84104C6329C400E2003784E4 /* CityDetailPage.swift */,
				84104C6529C403A4003784E4 /* CityDetailViewModel.swift */,
				84104C6929C405CC003784E4 /* CityDetailViewModelType.swift */,
			);
			path = CityDetail;
			sourceTree = "<group>";
		};
		8480C94629BE520900EFA553 /* Components */ = {
			isa = PBXGroup;
			children = (
				8480C96C29BE7B3000EFA553 /* HomeSuccessView.swift */,
				8477C27529BEB90C006992D0 /* SuccessView+RowView.swift */,
				8477C27729BEBA1C006992D0 /* SuccessView+SectionView.swift */,
			);
			path = Components;
			sourceTree = "<group>";
		};
		8480C94729BE521100EFA553 /* Components */ = {
			isa = PBXGroup;
			children = (
			);
			path = Components;
			sourceTree = "<group>";
		};
		8480C94829BE521500EFA553 /* Components */ = {
			isa = PBXGroup;
			children = (
			);
			path = Components;
			sourceTree = "<group>";
		};
/* End PBXGroup section */

/* Begin PBXHeadersBuildPhase section */
		8480C8B829BDD91600EFA553 /* Headers */ = {
			isa = PBXHeadersBuildPhase;
			buildActionMask = 2147483647;
			files = (
				8480C8CC29BDD91600EFA553 /* AJPresentation.h in Headers */,
			);
			runOnlyForDeploymentPostprocessing = 0;
		};
/* End PBXHeadersBuildPhase section */

/* Begin PBXNativeTarget section */
		8480C8BC29BDD91600EFA553 /* AJPresentation */ = {
			isa = PBXNativeTarget;
			buildConfigurationList = 8480C8CF29BDD91600EFA553 /* Build configuration list for PBXNativeTarget "AJPresentation" */;
			buildPhases = (
				8480C8B829BDD91600EFA553 /* Headers */,
				8480C8B929BDD91600EFA553 /* Sources */,
				8480C8BA29BDD91600EFA553 /* Frameworks */,
				8480C8BB29BDD91600EFA553 /* Resources */,
				8416BFBB29C2104C00D2CACF /* Embed Frameworks */,
			);
			buildRules = (
			);
			dependencies = (
			);
			name = AJPresentation;
			packageProductDependencies = (
				84B843EC29C1533700A65394 /* AJDependencyInjection */,
			);
			productName = AJPresentation;
			productReference = 8480C8BD29BDD91600EFA553 /* AJPresentation.framework */;
			productType = "com.apple.product-type.framework";
		};
		8480C8C429BDD91600EFA553 /* AJPresentationTests */ = {
			isa = PBXNativeTarget;
			buildConfigurationList = 8480C8D229BDD91600EFA553 /* Build configuration list for PBXNativeTarget "AJPresentationTests" */;
			buildPhases = (
				8480C8C129BDD91600EFA553 /* Sources */,
				8480C8C229BDD91600EFA553 /* Frameworks */,
				8480C8C329BDD91600EFA553 /* Resources */,
			);
			buildRules = (
			);
			dependencies = (
				8480C8C829BDD91600EFA553 /* PBXTargetDependency */,
			);
			name = AJPresentationTests;
			productName = AJPresentationTests;
			productReference = 8480C8C529BDD91600EFA553 /* AJPresentationTests.xctest */;
			productType = "com.apple.product-type.bundle.unit-test";
		};
/* End PBXNativeTarget section */

/* Begin PBXProject section */
		8480C8B429BDD91600EFA553 /* Project object */ = {
			isa = PBXProject;
			attributes = {
				BuildIndependentTargetsInParallel = 1;
				LastSwiftUpdateCheck = 1420;
				LastUpgradeCheck = 1420;
				TargetAttributes = {
					8480C8BC29BDD91600EFA553 = {
						CreatedOnToolsVersion = 14.2;
						LastSwiftMigration = 1420;
					};
					8480C8C429BDD91600EFA553 = {
						CreatedOnToolsVersion = 14.2;
					};
				};
			};
			buildConfigurationList = 8480C8B729BDD91600EFA553 /* Build configuration list for PBXProject "AJPresentation" */;
			compatibilityVersion = "Xcode 14.0";
			developmentRegion = en;
			hasScannedForEncodings = 0;
			knownRegions = (
				en,
				Base,
			);
			mainGroup = 8480C8B329BDD91600EFA553;
			productRefGroup = 8480C8BE29BDD91600EFA553 /* Products */;
			projectDirPath = "";
			projectRoot = "";
			targets = (
				8480C8BC29BDD91600EFA553 /* AJPresentation */,
				8480C8C429BDD91600EFA553 /* AJPresentationTests */,
			);
		};
/* End PBXProject section */

/* Begin PBXResourcesBuildPhase section */
		8480C8BB29BDD91600EFA553 /* Resources */ = {
			isa = PBXResourcesBuildPhase;
			buildActionMask = 2147483647;
			files = (
			);
			runOnlyForDeploymentPostprocessing = 0;
		};
		8480C8C329BDD91600EFA553 /* Resources */ = {
			isa = PBXResourcesBuildPhase;
			buildActionMask = 2147483647;
			files = (
			);
			runOnlyForDeploymentPostprocessing = 0;
		};
/* End PBXResourcesBuildPhase section */

/* Begin PBXSourcesBuildPhase section */
		8480C8B929BDD91600EFA553 /* Sources */ = {
			isa = PBXSourcesBuildPhase;
			buildActionMask = 2147483647;
			files = (
				84104C6429C400E2003784E4 /* CityDetailPage.swift in Sources */,
				8477C26529BEA346006992D0 /* ImageView.swift in Sources */,
				84104C7F29C4CD86003784E4 /* AppRouterScreen.swift in Sources */,
				8480C97629BE8A7400EFA553 /* HomeViewObject.swift in Sources */,
				8477C27829BEBA1C006992D0 /* SuccessView+SectionView.swift in Sources */,
				8477C27629BEB90C006992D0 /* SuccessView+RowView.swift in Sources */,
				8480C96B29BE7AAB00EFA553 /* FailedView.swift in Sources */,
				8477C28129BEC825006992D0 /* ViewState.swift in Sources */,
				8477C29629BEEF6E006992D0 /* HomePage+Preview.swift in Sources */,
				8480C95529BE52E600EFA553 /* HomeViewModel.swift in Sources */,
				8480C95329BE52CD00EFA553 /* HomePage.swift in Sources */,
				8477C29429BEE69D006992D0 /* ForecastModel+mapToHomeViewObject.swift in Sources */,
				84104C7229C422CC003784E4 /* Date+formatterToRelative.swift in Sources */,
				8480C96D29BE7B3000EFA553 /* HomeSuccessView.swift in Sources */,
				84104C7E29C4CD86003784E4 /* AppRouterView.swift in Sources */,
				84104C6A29C405CC003784E4 /* CityDetailViewModelType.swift in Sources */,
				84104C6829C403E3003784E4 /* HomeViewModelType.swift in Sources */,
				84104C7429C42395003784E4 /* Date+formatterToTime.swift in Sources */,
				84104C8129C4CE23003784E4 /* AppRouterState.swift in Sources */,
				84104C6629C403A4003784E4 /* CityDetailViewModel.swift in Sources */,
				8477C26E29BEAE0B006992D0 /* Localizable.swift in Sources */,
				84B843EF29C1540300A65394 /* AJDIContainer+registerFromPresentation.swift in Sources */,
				8480C95D29BE5E6F00EFA553 /* LoadingView.swift in Sources */,
				84104C6F29C4227B003784E4 /* Int+toDate.swift in Sources */,
			);
			runOnlyForDeploymentPostprocessing = 0;
		};
		8480C8C129BDD91600EFA553 /* Sources */ = {
			isa = PBXSourcesBuildPhase;
			buildActionMask = 2147483647;
			files = (
				8480C8CB29BDD91600EFA553 /* AJPresentationTests.swift in Sources */,
			);
			runOnlyForDeploymentPostprocessing = 0;
		};
/* End PBXSourcesBuildPhase section */

/* Begin PBXTargetDependency section */
		8480C8C829BDD91600EFA553 /* PBXTargetDependency */ = {
			isa = PBXTargetDependency;
			target = 8480C8BC29BDD91600EFA553 /* AJPresentation */;
			targetProxy = 8480C8C729BDD91600EFA553 /* PBXContainerItemProxy */;
		};
/* End PBXTargetDependency section */

/* Begin XCBuildConfiguration section */
		8480C8CD29BDD91600EFA553 /* Debug */ = {
			isa = XCBuildConfiguration;
			buildSettings = {
				ALWAYS_SEARCH_USER_PATHS = NO;
				CLANG_ANALYZER_NONNULL = YES;
				CLANG_ANALYZER_NUMBER_OBJECT_CONVERSION = YES_AGGRESSIVE;
				CLANG_CXX_LANGUAGE_STANDARD = "gnu++20";
				CLANG_ENABLE_MODULES = YES;
				CLANG_ENABLE_OBJC_ARC = YES;
				CLANG_ENABLE_OBJC_WEAK = YES;
				CLANG_WARN_BLOCK_CAPTURE_AUTORELEASING = YES;
				CLANG_WARN_BOOL_CONVERSION = YES;
				CLANG_WARN_COMMA = YES;
				CLANG_WARN_CONSTANT_CONVERSION = YES;
				CLANG_WARN_DEPRECATED_OBJC_IMPLEMENTATIONS = YES;
				CLANG_WARN_DIRECT_OBJC_ISA_USAGE = YES_ERROR;
				CLANG_WARN_DOCUMENTATION_COMMENTS = YES;
				CLANG_WARN_EMPTY_BODY = YES;
				CLANG_WARN_ENUM_CONVERSION = YES;
				CLANG_WARN_INFINITE_RECURSION = YES;
				CLANG_WARN_INT_CONVERSION = YES;
				CLANG_WARN_NON_LITERAL_NULL_CONVERSION = YES;
				CLANG_WARN_OBJC_IMPLICIT_RETAIN_SELF = YES;
				CLANG_WARN_OBJC_LITERAL_CONVERSION = YES;
				CLANG_WARN_OBJC_ROOT_CLASS = YES_ERROR;
				CLANG_WARN_QUOTED_INCLUDE_IN_FRAMEWORK_HEADER = YES;
				CLANG_WARN_RANGE_LOOP_ANALYSIS = YES;
				CLANG_WARN_STRICT_PROTOTYPES = YES;
				CLANG_WARN_SUSPICIOUS_MOVE = YES;
				CLANG_WARN_UNGUARDED_AVAILABILITY = YES_AGGRESSIVE;
				CLANG_WARN_UNREACHABLE_CODE = YES;
				CLANG_WARN__DUPLICATE_METHOD_MATCH = YES;
				COPY_PHASE_STRIP = NO;
				CURRENT_PROJECT_VERSION = 1;
				DEBUG_INFORMATION_FORMAT = dwarf;
				ENABLE_STRICT_OBJC_MSGSEND = YES;
				ENABLE_TESTABILITY = YES;
				GCC_C_LANGUAGE_STANDARD = gnu11;
				GCC_DYNAMIC_NO_PIC = NO;
				GCC_NO_COMMON_BLOCKS = YES;
				GCC_OPTIMIZATION_LEVEL = 0;
				GCC_PREPROCESSOR_DEFINITIONS = (
					"DEBUG=1",
					"$(inherited)",
				);
				GCC_WARN_64_TO_32_BIT_CONVERSION = YES;
				GCC_WARN_ABOUT_RETURN_TYPE = YES_ERROR;
				GCC_WARN_UNDECLARED_SELECTOR = YES;
				GCC_WARN_UNINITIALIZED_AUTOS = YES_AGGRESSIVE;
				GCC_WARN_UNUSED_FUNCTION = YES;
				GCC_WARN_UNUSED_VARIABLE = YES;
				IPHONEOS_DEPLOYMENT_TARGET = 16.2;
				MTL_ENABLE_DEBUG_INFO = INCLUDE_SOURCE;
				MTL_FAST_MATH = YES;
				ONLY_ACTIVE_ARCH = YES;
				SDKROOT = iphoneos;
				SWIFT_ACTIVE_COMPILATION_CONDITIONS = DEBUG;
				SWIFT_OPTIMIZATION_LEVEL = "-Onone";
				VERSIONING_SYSTEM = "apple-generic";
				VERSION_INFO_PREFIX = "";
			};
			name = Debug;
		};
		8480C8CE29BDD91600EFA553 /* Release */ = {
			isa = XCBuildConfiguration;
			buildSettings = {
				ALWAYS_SEARCH_USER_PATHS = NO;
				CLANG_ANALYZER_NONNULL = YES;
				CLANG_ANALYZER_NUMBER_OBJECT_CONVERSION = YES_AGGRESSIVE;
				CLANG_CXX_LANGUAGE_STANDARD = "gnu++20";
				CLANG_ENABLE_MODULES = YES;
				CLANG_ENABLE_OBJC_ARC = YES;
				CLANG_ENABLE_OBJC_WEAK = YES;
				CLANG_WARN_BLOCK_CAPTURE_AUTORELEASING = YES;
				CLANG_WARN_BOOL_CONVERSION = YES;
				CLANG_WARN_COMMA = YES;
				CLANG_WARN_CONSTANT_CONVERSION = YES;
				CLANG_WARN_DEPRECATED_OBJC_IMPLEMENTATIONS = YES;
				CLANG_WARN_DIRECT_OBJC_ISA_USAGE = YES_ERROR;
				CLANG_WARN_DOCUMENTATION_COMMENTS = YES;
				CLANG_WARN_EMPTY_BODY = YES;
				CLANG_WARN_ENUM_CONVERSION = YES;
				CLANG_WARN_INFINITE_RECURSION = YES;
				CLANG_WARN_INT_CONVERSION = YES;
				CLANG_WARN_NON_LITERAL_NULL_CONVERSION = YES;
				CLANG_WARN_OBJC_IMPLICIT_RETAIN_SELF = YES;
				CLANG_WARN_OBJC_LITERAL_CONVERSION = YES;
				CLANG_WARN_OBJC_ROOT_CLASS = YES_ERROR;
				CLANG_WARN_QUOTED_INCLUDE_IN_FRAMEWORK_HEADER = YES;
				CLANG_WARN_RANGE_LOOP_ANALYSIS = YES;
				CLANG_WARN_STRICT_PROTOTYPES = YES;
				CLANG_WARN_SUSPICIOUS_MOVE = YES;
				CLANG_WARN_UNGUARDED_AVAILABILITY = YES_AGGRESSIVE;
				CLANG_WARN_UNREACHABLE_CODE = YES;
				CLANG_WARN__DUPLICATE_METHOD_MATCH = YES;
				COPY_PHASE_STRIP = NO;
				CURRENT_PROJECT_VERSION = 1;
				DEBUG_INFORMATION_FORMAT = "dwarf-with-dsym";
				ENABLE_NS_ASSERTIONS = NO;
				ENABLE_STRICT_OBJC_MSGSEND = YES;
				GCC_C_LANGUAGE_STANDARD = gnu11;
				GCC_NO_COMMON_BLOCKS = YES;
				GCC_WARN_64_TO_32_BIT_CONVERSION = YES;
				GCC_WARN_ABOUT_RETURN_TYPE = YES_ERROR;
				GCC_WARN_UNDECLARED_SELECTOR = YES;
				GCC_WARN_UNINITIALIZED_AUTOS = YES_AGGRESSIVE;
				GCC_WARN_UNUSED_FUNCTION = YES;
				GCC_WARN_UNUSED_VARIABLE = YES;
				IPHONEOS_DEPLOYMENT_TARGET = 16.2;
				MTL_ENABLE_DEBUG_INFO = NO;
				MTL_FAST_MATH = YES;
				SDKROOT = iphoneos;
				SWIFT_COMPILATION_MODE = wholemodule;
				SWIFT_OPTIMIZATION_LEVEL = "-O";
				VALIDATE_PRODUCT = YES;
				VERSIONING_SYSTEM = "apple-generic";
				VERSION_INFO_PREFIX = "";
			};
			name = Release;
		};
		8480C8D029BDD91600EFA553 /* Debug */ = {
			isa = XCBuildConfiguration;
			buildSettings = {
				CLANG_ENABLE_MODULES = YES;
				CODE_SIGN_STYLE = Automatic;
				CURRENT_PROJECT_VERSION = 1;
				DEFINES_MODULE = YES;
				DEVELOPMENT_TEAM = 7TBCX7QSF9;
				DYLIB_COMPATIBILITY_VERSION = 1;
				DYLIB_CURRENT_VERSION = 1;
				DYLIB_INSTALL_NAME_BASE = "@rpath";
				GENERATE_INFOPLIST_FILE = YES;
				INFOPLIST_KEY_NSHumanReadableCopyright = "";
				INSTALL_PATH = "$(LOCAL_LIBRARY_DIR)/Frameworks";
				LD_RUNPATH_SEARCH_PATHS = (
					"$(inherited)",
					"@executable_path/Frameworks",
					"@loader_path/Frameworks",
				);
				MARKETING_VERSION = 1.0;
				PRODUCT_BUNDLE_IDENTIFIER = dev.haroldjose.AJWeather.AJPresentation;
				PRODUCT_NAME = "$(TARGET_NAME:c99extidentifier)";
				SKIP_INSTALL = YES;
				SUPPORTED_PLATFORMS = "iphoneos iphonesimulator";
				SUPPORTS_MACCATALYST = NO;
				SUPPORTS_MAC_DESIGNED_FOR_IPHONE_IPAD = NO;
				SWIFT_EMIT_LOC_STRINGS = YES;
				SWIFT_OPTIMIZATION_LEVEL = "-Onone";
				SWIFT_VERSION = 5.0;
				TARGETED_DEVICE_FAMILY = "1,2";
			};
			name = Debug;
		};
		8480C8D129BDD91600EFA553 /* Release */ = {
			isa = XCBuildConfiguration;
			buildSettings = {
				CLANG_ENABLE_MODULES = YES;
				CODE_SIGN_STYLE = Automatic;
				CURRENT_PROJECT_VERSION = 1;
				DEFINES_MODULE = YES;
				DEVELOPMENT_TEAM = 7TBCX7QSF9;
				DYLIB_COMPATIBILITY_VERSION = 1;
				DYLIB_CURRENT_VERSION = 1;
				DYLIB_INSTALL_NAME_BASE = "@rpath";
				GENERATE_INFOPLIST_FILE = YES;
				INFOPLIST_KEY_NSHumanReadableCopyright = "";
				INSTALL_PATH = "$(LOCAL_LIBRARY_DIR)/Frameworks";
				LD_RUNPATH_SEARCH_PATHS = (
					"$(inherited)",
					"@executable_path/Frameworks",
					"@loader_path/Frameworks",
				);
				MARKETING_VERSION = 1.0;
				PRODUCT_BUNDLE_IDENTIFIER = dev.haroldjose.AJWeather.AJPresentation;
				PRODUCT_NAME = "$(TARGET_NAME:c99extidentifier)";
				SKIP_INSTALL = YES;
				SUPPORTED_PLATFORMS = "iphoneos iphonesimulator";
				SUPPORTS_MACCATALYST = NO;
				SUPPORTS_MAC_DESIGNED_FOR_IPHONE_IPAD = NO;
				SWIFT_EMIT_LOC_STRINGS = YES;
				SWIFT_VERSION = 5.0;
				TARGETED_DEVICE_FAMILY = "1,2";
			};
			name = Release;
		};
		8480C8D329BDD91600EFA553 /* Debug */ = {
			isa = XCBuildConfiguration;
			buildSettings = {
				ALWAYS_EMBED_SWIFT_STANDARD_LIBRARIES = YES;
				CODE_SIGN_STYLE = Automatic;
				CURRENT_PROJECT_VERSION = 1;
				DEVELOPMENT_TEAM = 7TBCX7QSF9;
				GENERATE_INFOPLIST_FILE = YES;
				MARKETING_VERSION = 1.0;
				PRODUCT_BUNDLE_IDENTIFIER = dev.haroldjose.AJWeather.AJPresentationTests;
				PRODUCT_NAME = "$(TARGET_NAME)";
				SWIFT_EMIT_LOC_STRINGS = NO;
				SWIFT_VERSION = 5.0;
				TARGETED_DEVICE_FAMILY = "1,2";
			};
			name = Debug;
		};
		8480C8D429BDD91600EFA553 /* Release */ = {
			isa = XCBuildConfiguration;
			buildSettings = {
				ALWAYS_EMBED_SWIFT_STANDARD_LIBRARIES = YES;
				CODE_SIGN_STYLE = Automatic;
				CURRENT_PROJECT_VERSION = 1;
				DEVELOPMENT_TEAM = 7TBCX7QSF9;
				GENERATE_INFOPLIST_FILE = YES;
				MARKETING_VERSION = 1.0;
				PRODUCT_BUNDLE_IDENTIFIER = dev.haroldjose.AJWeather.AJPresentationTests;
				PRODUCT_NAME = "$(TARGET_NAME)";
				SWIFT_EMIT_LOC_STRINGS = NO;
				SWIFT_VERSION = 5.0;
				TARGETED_DEVICE_FAMILY = "1,2";
			};
			name = Release;
		};
/* End XCBuildConfiguration section */

/* Begin XCConfigurationList section */
		8480C8B729BDD91600EFA553 /* Build configuration list for PBXProject "AJPresentation" */ = {
			isa = XCConfigurationList;
			buildConfigurations = (
				8480C8CD29BDD91600EFA553 /* Debug */,
				8480C8CE29BDD91600EFA553 /* Release */,
			);
			defaultConfigurationIsVisible = 0;
			defaultConfigurationName = Release;
		};
		8480C8CF29BDD91600EFA553 /* Build configuration list for PBXNativeTarget "AJPresentation" */ = {
			isa = XCConfigurationList;
			buildConfigurations = (
				8480C8D029BDD91600EFA553 /* Debug */,
				8480C8D129BDD91600EFA553 /* Release */,
			);
			defaultConfigurationIsVisible = 0;
			defaultConfigurationName = Release;
		};
		8480C8D229BDD91600EFA553 /* Build configuration list for PBXNativeTarget "AJPresentationTests" */ = {
			isa = XCConfigurationList;
			buildConfigurations = (
				8480C8D329BDD91600EFA553 /* Debug */,
				8480C8D429BDD91600EFA553 /* Release */,
			);
			defaultConfigurationIsVisible = 0;
			defaultConfigurationName = Release;
		};
/* End XCConfigurationList section */

/* Begin XCSwiftPackageProductDependency section */
		84B843EC29C1533700A65394 /* AJDependencyInjection */ = {
			isa = XCSwiftPackageProductDependency;
			productName = AJDependencyInjection;
		};
/* End XCSwiftPackageProductDependency section */
	};
	rootObject = 8480C8B429BDD91600EFA553 /* Project object */;
}
